// !$*UTF8*$!
{
	archiveVersion = 1;
	classes = {
	};
	objectVersion = 50;
	objects = {

/* Begin PBXBuildFile section */
		18CDAD24225BFF7200EBD5DE /* CommitsTableViewController.swift in Sources */ = {isa = PBXBuildFile; fileRef = 18CDAD23225BFF7200EBD5DE /* CommitsTableViewController.swift */; };
		18CDAD26225C003800EBD5DE /* Commit.swift in Sources */ = {isa = PBXBuildFile; fileRef = 18CDAD25225C003800EBD5DE /* Commit.swift */; };
		4C197A3D224EE249002B1096 /* Macro.swift in Sources */ = {isa = PBXBuildFile; fileRef = 4C197A3C224EE249002B1096 /* Macro.swift */; };
		4C197A3F224EE531002B1096 /* CGSize.swift in Sources */ = {isa = PBXBuildFile; fileRef = 4C197A3E224EE531002B1096 /* CGSize.swift */; };
		4C397EF5225566DD001C801B /* Handler.swift in Sources */ = {isa = PBXBuildFile; fileRef = 4C397EF4225566DD001C801B /* Handler.swift */; };
		4C397EF72255710B001C801B /* Colors.swift in Sources */ = {isa = PBXBuildFile; fileRef = 4C397EF62255710B001C801B /* Colors.swift */; };
		4C397EF922557412001C801B /* EventTableViewCell.swift in Sources */ = {isa = PBXBuildFile; fileRef = 4C397EF822557412001C801B /* EventTableViewCell.swift */; };
		4C3CD6552257FBB000F1D023 /* RepoCell.swift in Sources */ = {isa = PBXBuildFile; fileRef = 4C3CD6542257FBB000F1D023 /* RepoCell.swift */; };
		4C3CD65A225807B300F1D023 /* ProfileViewController.swift in Sources */ = {isa = PBXBuildFile; fileRef = 4C3CD659225807B300F1D023 /* ProfileViewController.swift */; };
		4C3CD65C225808D200F1D023 /* ReposViewController.swift in Sources */ = {isa = PBXBuildFile; fileRef = 4C3CD65B225808D200F1D023 /* ReposViewController.swift */; };
		4C3CD65E22581E8000F1D023 /* ImageDownloader.swift in Sources */ = {isa = PBXBuildFile; fileRef = 4C3CD65D22581E8000F1D023 /* ImageDownloader.swift */; };
		4C4286C7224C2C8400E00170 /* TabBarController.swift in Sources */ = {isa = PBXBuildFile; fileRef = 4C4286C6224C2C8400E00170 /* TabBarController.swift */; };
		4C4286C9224C2E2E00E00170 /* UIViewController.swift in Sources */ = {isa = PBXBuildFile; fileRef = 4C4286C8224C2E2D00E00170 /* UIViewController.swift */; };
		4C4286CB224C2FFA00E00170 /* FeedViewController.swift in Sources */ = {isa = PBXBuildFile; fileRef = 4C4286CA224C2FFA00E00170 /* FeedViewController.swift */; };
		4C4286CD224C304D00E00170 /* OverViewController.swift in Sources */ = {isa = PBXBuildFile; fileRef = 4C4286CC224C304D00E00170 /* OverViewController.swift */; };
		4C4286CF224C31AF00E00170 /* ViewController.swift in Sources */ = {isa = PBXBuildFile; fileRef = 4C4286CE224C31AF00E00170 /* ViewController.swift */; };
		4C4286D1224C387E00E00170 /* Client Secret in Resources */ = {isa = PBXBuildFile; fileRef = 4C4286D0224C387E00E00170 /* Client Secret */; };
		4C4FCA772252D208008A6A4D /* Error.swift in Sources */ = {isa = PBXBuildFile; fileRef = 4C4FCA762252D208008A6A4D /* Error.swift */; };
		4C7E7DF1224E81B90095C4A8 /* Event.swift in Sources */ = {isa = PBXBuildFile; fileRef = 4C7E7DF0224E81B90095C4A8 /* Event.swift */; };
		4C7E7DF4224E90830095C4A8 /* WatchEvent.swift in Sources */ = {isa = PBXBuildFile; fileRef = 4C7E7DF3224E90830095C4A8 /* WatchEvent.swift */; };
		4C7E7DF6224E9A480095C4A8 /* EventDecoder.swift in Sources */ = {isa = PBXBuildFile; fileRef = 4C7E7DF5224E9A480095C4A8 /* EventDecoder.swift */; };
		4C8010DC224990F800596297 /* URL.swift in Sources */ = {isa = PBXBuildFile; fileRef = 4C8010DB224990F800596297 /* URL.swift */; };
		4C8010DE2249912500596297 /* HTTP.swift in Sources */ = {isa = PBXBuildFile; fileRef = 4C8010DD2249912500596297 /* HTTP.swift */; };
		4C8010E02249934F00596297 /* String.swift in Sources */ = {isa = PBXBuildFile; fileRef = 4C8010DF2249934F00596297 /* String.swift */; };
		4C83952B2249CE7100A7DFC2 /* Access.swift in Sources */ = {isa = PBXBuildFile; fileRef = 4C83952A2249CE7100A7DFC2 /* Access.swift */; };
		4CF32161222DF6C70034F1D9 /* AppDelegate.swift in Sources */ = {isa = PBXBuildFile; fileRef = 4CF32160222DF6C70034F1D9 /* AppDelegate.swift */; };
		4CF32163222DF6C70034F1D9 /* SignInViewController.swift in Sources */ = {isa = PBXBuildFile; fileRef = 4CF32162222DF6C70034F1D9 /* SignInViewController.swift */; };
		4CF32168222DF6C80034F1D9 /* Assets.xcassets in Resources */ = {isa = PBXBuildFile; fileRef = 4CF32167222DF6C80034F1D9 /* Assets.xcassets */; };
		4CF3216B222DF6C80034F1D9 /* LaunchScreen.storyboard in Resources */ = {isa = PBXBuildFile; fileRef = 4CF32169222DF6C80034F1D9 /* LaunchScreen.storyboard */; };
		4CFEEBCF224050EA00487DA0 /* Repository.swift in Sources */ = {isa = PBXBuildFile; fileRef = 4CFEEBCE224050EA00487DA0 /* Repository.swift */; };
		4CFEEBD1224050F500487DA0 /* GitHub.swift in Sources */ = {isa = PBXBuildFile; fileRef = 4CFEEBD0224050F500487DA0 /* GitHub.swift */; };
		4CFEEBD3224051DA00487DA0 /* Owner.swift in Sources */ = {isa = PBXBuildFile; fileRef = 4CFEEBD2224051DA00487DA0 /* Owner.swift */; };
		4CFEEBD52240553000487DA0 /* AuthenticatedUser.swift in Sources */ = {isa = PBXBuildFile; fileRef = 4CFEEBD42240553000487DA0 /* AuthenticatedUser.swift */; };
		A69236889A5D73C71E48EE21 /* Pods_SourceHub.framework in Frameworks */ = {isa = PBXBuildFile; fileRef = 243EFFDE672F24D48FB5B2FD /* Pods_SourceHub.framework */; };
/* End PBXBuildFile section */

/* Begin PBXFileReference section */
		18A5D2A8224D6E80005A7D8B /* RepoCell.swift */ = {isa = PBXFileReference; lastKnownFileType = sourcecode.swift; path = RepoCell.swift; sourceTree = "<group>"; };
		18CDAD23225BFF7200EBD5DE /* CommitsTableViewController.swift */ = {isa = PBXFileReference; lastKnownFileType = sourcecode.swift; path = CommitsTableViewController.swift; sourceTree = "<group>"; };
		18CDAD25225C003800EBD5DE /* Commit.swift */ = {isa = PBXFileReference; lastKnownFileType = sourcecode.swift; path = Commit.swift; sourceTree = "<group>"; };
		243EFFDE672F24D48FB5B2FD /* Pods_SourceHub.framework */ = {isa = PBXFileReference; explicitFileType = wrapper.framework; includeInIndex = 0; path = Pods_SourceHub.framework; sourceTree = BUILT_PRODUCTS_DIR; };
		4C197A3C224EE249002B1096 /* Macro.swift */ = {isa = PBXFileReference; lastKnownFileType = sourcecode.swift; path = Macro.swift; sourceTree = "<group>"; };
		4C197A3E224EE531002B1096 /* CGSize.swift */ = {isa = PBXFileReference; lastKnownFileType = sourcecode.swift; path = CGSize.swift; sourceTree = "<group>"; };
		4C197A40224EED5C002B1096 /* Podfile */ = {isa = PBXFileReference; fileEncoding = 4; lastKnownFileType = text; path = Podfile; sourceTree = "<group>"; xcLanguageSpecificationIdentifier = xcode.lang.ruby; };
		4C397EF4225566DD001C801B /* Handler.swift */ = {isa = PBXFileReference; fileEncoding = 4; lastKnownFileType = sourcecode.swift; path = Handler.swift; sourceTree = "<group>"; };
		4C397EF62255710B001C801B /* Colors.swift */ = {isa = PBXFileReference; lastKnownFileType = sourcecode.swift; path = Colors.swift; sourceTree = "<group>"; };
		4C397EF822557412001C801B /* EventTableViewCell.swift */ = {isa = PBXFileReference; lastKnownFileType = sourcecode.swift; path = EventTableViewCell.swift; sourceTree = "<group>"; };
		4C3CD6542257FBB000F1D023 /* RepoCell.swift */ = {isa = PBXFileReference; fileEncoding = 4; lastKnownFileType = sourcecode.swift; path = RepoCell.swift; sourceTree = "<group>"; };
		4C3CD659225807B300F1D023 /* ProfileViewController.swift */ = {isa = PBXFileReference; lastKnownFileType = sourcecode.swift; path = ProfileViewController.swift; sourceTree = "<group>"; };
		4C3CD65B225808D200F1D023 /* ReposViewController.swift */ = {isa = PBXFileReference; lastKnownFileType = sourcecode.swift; path = ReposViewController.swift; sourceTree = "<group>"; };
		4C3CD65D22581E8000F1D023 /* ImageDownloader.swift */ = {isa = PBXFileReference; lastKnownFileType = sourcecode.swift; path = ImageDownloader.swift; sourceTree = "<group>"; };
		4C4286C6224C2C8400E00170 /* TabBarController.swift */ = {isa = PBXFileReference; lastKnownFileType = sourcecode.swift; path = TabBarController.swift; sourceTree = "<group>"; };
		4C4286C8224C2E2D00E00170 /* UIViewController.swift */ = {isa = PBXFileReference; fileEncoding = 4; lastKnownFileType = sourcecode.swift; path = UIViewController.swift; sourceTree = "<group>"; };
		4C4286CA224C2FFA00E00170 /* FeedViewController.swift */ = {isa = PBXFileReference; lastKnownFileType = sourcecode.swift; path = FeedViewController.swift; sourceTree = "<group>"; };
		4C4286CC224C304D00E00170 /* OverViewController.swift */ = {isa = PBXFileReference; lastKnownFileType = sourcecode.swift; path = OverViewController.swift; sourceTree = "<group>"; };
		4C4286CE224C31AF00E00170 /* ViewController.swift */ = {isa = PBXFileReference; lastKnownFileType = sourcecode.swift; path = ViewController.swift; sourceTree = "<group>"; };
		4C4286D0224C387E00E00170 /* Client Secret */ = {isa = PBXFileReference; fileEncoding = 4; lastKnownFileType = text; path = "Client Secret"; sourceTree = "<group>"; };
		4C4FCA762252D208008A6A4D /* Error.swift */ = {isa = PBXFileReference; lastKnownFileType = sourcecode.swift; path = Error.swift; sourceTree = "<group>"; };
		4C7E7DF0224E81B90095C4A8 /* Event.swift */ = {isa = PBXFileReference; lastKnownFileType = sourcecode.swift; path = Event.swift; sourceTree = "<group>"; };
		4C7E7DF3224E90830095C4A8 /* WatchEvent.swift */ = {isa = PBXFileReference; lastKnownFileType = sourcecode.swift; path = WatchEvent.swift; sourceTree = "<group>"; };
		4C7E7DF5224E9A480095C4A8 /* EventDecoder.swift */ = {isa = PBXFileReference; lastKnownFileType = sourcecode.swift; path = EventDecoder.swift; sourceTree = "<group>"; };
		4C8010D522498AC800596297 /* .gitignore */ = {isa = PBXFileReference; fileEncoding = 4; lastKnownFileType = text; path = .gitignore; sourceTree = "<group>"; };
		4C8010DB224990F800596297 /* URL.swift */ = {isa = PBXFileReference; fileEncoding = 4; lastKnownFileType = sourcecode.swift; path = URL.swift; sourceTree = "<group>"; };
		4C8010DD2249912500596297 /* HTTP.swift */ = {isa = PBXFileReference; lastKnownFileType = sourcecode.swift; path = HTTP.swift; sourceTree = "<group>"; };
		4C8010DF2249934F00596297 /* String.swift */ = {isa = PBXFileReference; lastKnownFileType = sourcecode.swift; path = String.swift; sourceTree = "<group>"; };
		4C83952A2249CE7100A7DFC2 /* Access.swift */ = {isa = PBXFileReference; lastKnownFileType = sourcecode.swift; path = Access.swift; sourceTree = "<group>"; };
		4CF3215D222DF6C70034F1D9 /* SourceHub.app */ = {isa = PBXFileReference; explicitFileType = wrapper.application; includeInIndex = 0; path = SourceHub.app; sourceTree = BUILT_PRODUCTS_DIR; };
		4CF32160222DF6C70034F1D9 /* AppDelegate.swift */ = {isa = PBXFileReference; lastKnownFileType = sourcecode.swift; path = AppDelegate.swift; sourceTree = "<group>"; };
		4CF32162222DF6C70034F1D9 /* SignInViewController.swift */ = {isa = PBXFileReference; lastKnownFileType = sourcecode.swift; path = SignInViewController.swift; sourceTree = "<group>"; };
		4CF32167222DF6C80034F1D9 /* Assets.xcassets */ = {isa = PBXFileReference; lastKnownFileType = folder.assetcatalog; path = Assets.xcassets; sourceTree = "<group>"; };
		4CF3216A222DF6C80034F1D9 /* Base */ = {isa = PBXFileReference; lastKnownFileType = file.storyboard; name = Base; path = Base.lproj/LaunchScreen.storyboard; sourceTree = "<group>"; };
		4CF3216C222DF6C80034F1D9 /* Info.plist */ = {isa = PBXFileReference; lastKnownFileType = text.plist.xml; path = Info.plist; sourceTree = "<group>"; };
		4CFEEBCE224050EA00487DA0 /* Repository.swift */ = {isa = PBXFileReference; lastKnownFileType = sourcecode.swift; path = Repository.swift; sourceTree = "<group>"; };
		4CFEEBD0224050F500487DA0 /* GitHub.swift */ = {isa = PBXFileReference; lastKnownFileType = sourcecode.swift; path = GitHub.swift; sourceTree = "<group>"; };
		4CFEEBD2224051DA00487DA0 /* Owner.swift */ = {isa = PBXFileReference; lastKnownFileType = sourcecode.swift; path = Owner.swift; sourceTree = "<group>"; };
		4CFEEBD42240553000487DA0 /* AuthenticatedUser.swift */ = {isa = PBXFileReference; lastKnownFileType = sourcecode.swift; path = AuthenticatedUser.swift; sourceTree = "<group>"; };
		4CFEEBD62240589F00487DA0 /* README.md */ = {isa = PBXFileReference; fileEncoding = 4; lastKnownFileType = net.daringfireball.markdown; path = README.md; sourceTree = "<group>"; };
		54AA29E77EB268A92FAC8D29 /* Pods-SourceHub.debug.xcconfig */ = {isa = PBXFileReference; includeInIndex = 1; lastKnownFileType = text.xcconfig; name = "Pods-SourceHub.debug.xcconfig"; path = "Target Support Files/Pods-SourceHub/Pods-SourceHub.debug.xcconfig"; sourceTree = "<group>"; };
		C685D5996772CD490176FC2A /* Pods-SourceHub.release.xcconfig */ = {isa = PBXFileReference; includeInIndex = 1; lastKnownFileType = text.xcconfig; name = "Pods-SourceHub.release.xcconfig"; path = "Target Support Files/Pods-SourceHub/Pods-SourceHub.release.xcconfig"; sourceTree = "<group>"; };
/* End PBXFileReference section */

/* Begin PBXFrameworksBuildPhase section */
		4CF3215A222DF6C70034F1D9 /* Frameworks */ = {
			isa = PBXFrameworksBuildPhase;
			buildActionMask = 2147483647;
			files = (
				A69236889A5D73C71E48EE21 /* Pods_SourceHub.framework in Frameworks */,
			);
			runOnlyForDeploymentPostprocessing = 0;
		};
/* End PBXFrameworksBuildPhase section */

/* Begin PBXGroup section */
		3831EFEAE707EE41E6186ADB /* Pods */ = {
			isa = PBXGroup;
			children = (
				54AA29E77EB268A92FAC8D29 /* Pods-SourceHub.debug.xcconfig */,
				C685D5996772CD490176FC2A /* Pods-SourceHub.release.xcconfig */,
			);
			path = Pods;
			sourceTree = "<group>";
		};
		4C397EFA22559033001C801B /* Controllers */ = {
			isa = PBXGroup;
			children = (
				4C4286CA224C2FFA00E00170 /* FeedViewController.swift */,
				4C3CD6582258078300F1D023 /* Profile */,
				4CF32162222DF6C70034F1D9 /* SignInViewController.swift */,
				4C4286C6224C2C8400E00170 /* TabBarController.swift */,
				4C4286C8224C2E2D00E00170 /* UIViewController.swift */,
				4C4286CE224C31AF00E00170 /* ViewController.swift */,
			);
			path = Controllers;
			sourceTree = "<group>";
		};
		4C397EFB22559074001C801B /* Extensions */ = {
			isa = PBXGroup;
			children = (
				4C197A3E224EE531002B1096 /* CGSize.swift */,
				4C3CD65D22581E8000F1D023 /* ImageDownloader.swift */,
				4C8010DF2249934F00596297 /* String.swift */,
				4C8010DB224990F800596297 /* URL.swift */,
			);
			path = Extensions;
			sourceTree = "<group>";
		};
		4C397EFC22559091001C801B /* Views */ = {
			isa = PBXGroup;
			children = (
				4C397EF822557412001C801B /* EventTableViewCell.swift */,
				4C3CD6542257FBB000F1D023 /* RepoCell.swift */,
			);
			path = Views;
			sourceTree = "<group>";
		};
		4C3CD64F2257FAC700F1D023 /* Recovered References */ = {
			isa = PBXGroup;
			children = (
				18A5D2A8224D6E80005A7D8B /* RepoCell.swift */,
			);
			name = "Recovered References";
			sourceTree = "<group>";
		};
		4C3CD6582258078300F1D023 /* Profile */ = {
			isa = PBXGroup;
			children = (
				4C4286CC224C304D00E00170 /* OverViewController.swift */,
				4C3CD659225807B300F1D023 /* ProfileViewController.swift */,
				4C3CD65B225808D200F1D023 /* ReposViewController.swift */,
				18CDAD23225BFF7200EBD5DE /* CommitsTableViewController.swift */,
			);
			path = Profile;
			sourceTree = "<group>";
		};
		4C7E7DF2224E90720095C4A8 /* Events */ = {
			isa = PBXGroup;
			children = (
				4C7E7DF0224E81B90095C4A8 /* Event.swift */,
				4C7E7DF5224E9A480095C4A8 /* EventDecoder.swift */,
				4C7E7DF3224E90830095C4A8 /* WatchEvent.swift */,
			);
			path = Events;
			sourceTree = "<group>";
		};
		4CF32154222DF6C70034F1D9 = {
			isa = PBXGroup;
			children = (
				4C8010D522498AC800596297 /* .gitignore */,
				4C197A40224EED5C002B1096 /* Podfile */,
				4CFEEBD62240589F00487DA0 /* README.md */,
				4CFEEBCD224050D900487DA0 /* GitHub */,
				4CF3215F222DF6C70034F1D9 /* SourceHub */,
				4CF3215E222DF6C70034F1D9 /* Products */,
				3831EFEAE707EE41E6186ADB /* Pods */,
				4C3CD64F2257FAC700F1D023 /* Recovered References */,
				D5246DA12026AFCAC50BAE9C /* Frameworks */,
			);
			sourceTree = "<group>";
		};
		4CF3215E222DF6C70034F1D9 /* Products */ = {
			isa = PBXGroup;
			children = (
				4CF3215D222DF6C70034F1D9 /* SourceHub.app */,
			);
			name = Products;
			sourceTree = "<group>";
		};
		4CF3215F222DF6C70034F1D9 /* SourceHub */ = {
			isa = PBXGroup;
			children = (
				4CF32160222DF6C70034F1D9 /* AppDelegate.swift */,
				4C397EF62255710B001C801B /* Colors.swift */,
				4C397EF4225566DD001C801B /* Handler.swift */,
				4C8010DD2249912500596297 /* HTTP.swift */,
				4C197A3C224EE249002B1096 /* Macro.swift */,
				4C397EFA22559033001C801B /* Controllers */,
				4C397EFB22559074001C801B /* Extensions */,
				4C397EFC22559091001C801B /* Views */,
				4CF32167222DF6C80034F1D9 /* Assets.xcassets */,
				4CF32169222DF6C80034F1D9 /* LaunchScreen.storyboard */,
				4CF3216C222DF6C80034F1D9 /* Info.plist */,
			);
			path = SourceHub;
			sourceTree = "<group>";
		};
		4CFEEBCD224050D900487DA0 /* GitHub */ = {
			isa = PBXGroup;
			children = (
				4C4286D0224C387E00E00170 /* Client Secret */,
				4CFEEBD0224050F500487DA0 /* GitHub.swift */,
				4C83952A2249CE7100A7DFC2 /* Access.swift */,
				4CFEEBD42240553000487DA0 /* AuthenticatedUser.swift */,
				4C4FCA762252D208008A6A4D /* Error.swift */,
				4C7E7DF2224E90720095C4A8 /* Events */,
				4CFEEBD2224051DA00487DA0 /* Owner.swift */,
				4CFEEBCE224050EA00487DA0 /* Repository.swift */,
				18CDAD25225C003800EBD5DE /* Commit.swift */,
			);
			path = GitHub;
			sourceTree = "<group>";
		};
		D5246DA12026AFCAC50BAE9C /* Frameworks */ = {
			isa = PBXGroup;
			children = (
				243EFFDE672F24D48FB5B2FD /* Pods_SourceHub.framework */,
			);
			name = Frameworks;
			sourceTree = "<group>";
		};
/* End PBXGroup section */

/* Begin PBXNativeTarget section */
		4CF3215C222DF6C70034F1D9 /* SourceHub */ = {
			isa = PBXNativeTarget;
			buildConfigurationList = 4CF3216F222DF6C80034F1D9 /* Build configuration list for PBXNativeTarget "SourceHub" */;
			buildPhases = (
				B569E09B67A5980BDBCA10D6 /* [CP] Check Pods Manifest.lock */,
				4CF32159222DF6C70034F1D9 /* Sources */,
				4CF3215A222DF6C70034F1D9 /* Frameworks */,
				4CF3215B222DF6C70034F1D9 /* Resources */,
				99999B2785911064E2A3258F /* [CP] Embed Pods Frameworks */,
			);
			buildRules = (
			);
			dependencies = (
			);
			name = SourceHub;
			productName = SourceHub;
			productReference = 4CF3215D222DF6C70034F1D9 /* SourceHub.app */;
			productType = "com.apple.product-type.application";
		};
/* End PBXNativeTarget section */

/* Begin PBXProject section */
		4CF32155222DF6C70034F1D9 /* Project object */ = {
			isa = PBXProject;
			attributes = {
				LastSwiftUpdateCheck = 1010;
				LastUpgradeCheck = 1010;
				ORGANIZATIONNAME = SourceHub;
				TargetAttributes = {
					4CF3215C222DF6C70034F1D9 = {
						CreatedOnToolsVersion = 10.1;
						LastSwiftMigration = 1020;
					};
				};
			};
			buildConfigurationList = 4CF32158222DF6C70034F1D9 /* Build configuration list for PBXProject "SourceHub" */;
			compatibilityVersion = "Xcode 9.3";
			developmentRegion = en;
			hasScannedForEncodings = 0;
			knownRegions = (
				en,
				Base,
			);
			mainGroup = 4CF32154222DF6C70034F1D9;
			productRefGroup = 4CF3215E222DF6C70034F1D9 /* Products */;
			projectDirPath = "";
			projectRoot = "";
			targets = (
				4CF3215C222DF6C70034F1D9 /* SourceHub */,
			);
		};
/* End PBXProject section */

/* Begin PBXResourcesBuildPhase section */
		4CF3215B222DF6C70034F1D9 /* Resources */ = {
			isa = PBXResourcesBuildPhase;
			buildActionMask = 2147483647;
			files = (
				4CF3216B222DF6C80034F1D9 /* LaunchScreen.storyboard in Resources */,
				4CF32168222DF6C80034F1D9 /* Assets.xcassets in Resources */,
				4C4286D1224C387E00E00170 /* Client Secret in Resources */,
			);
			runOnlyForDeploymentPostprocessing = 0;
		};
/* End PBXResourcesBuildPhase section */

/* Begin PBXShellScriptBuildPhase section */
		99999B2785911064E2A3258F /* [CP] Embed Pods Frameworks */ = {
			isa = PBXShellScriptBuildPhase;
			buildActionMask = 2147483647;
			files = (
			);
			inputFileListPaths = (
			);
			inputPaths = (
				"${PODS_ROOT}/Target Support Files/Pods-SourceHub/Pods-SourceHub-frameworks.sh",
				"${BUILT_PRODUCTS_DIR}/Alamofire/Alamofire.framework",
				"${BUILT_PRODUCTS_DIR}/AlamofireImage/AlamofireImage.framework",
			);
			name = "[CP] Embed Pods Frameworks";
			outputFileListPaths = (
			);
			outputPaths = (
				"${TARGET_BUILD_DIR}/${FRAMEWORKS_FOLDER_PATH}/Alamofire.framework",
				"${TARGET_BUILD_DIR}/${FRAMEWORKS_FOLDER_PATH}/AlamofireImage.framework",
			);
			runOnlyForDeploymentPostprocessing = 0;
			shellPath = /bin/sh;
			shellScript = "\"${PODS_ROOT}/Target Support Files/Pods-SourceHub/Pods-SourceHub-frameworks.sh\"\n";
			showEnvVarsInLog = 0;
		};
		B569E09B67A5980BDBCA10D6 /* [CP] Check Pods Manifest.lock */ = {
			isa = PBXShellScriptBuildPhase;
			buildActionMask = 2147483647;
			files = (
			);
			inputFileListPaths = (
			);
			inputPaths = (
				"${PODS_PODFILE_DIR_PATH}/Podfile.lock",
				"${PODS_ROOT}/Manifest.lock",
			);
			name = "[CP] Check Pods Manifest.lock";
			outputFileListPaths = (
			);
			outputPaths = (
				"$(DERIVED_FILE_DIR)/Pods-SourceHub-checkManifestLockResult.txt",
			);
			runOnlyForDeploymentPostprocessing = 0;
			shellPath = /bin/sh;
			shellScript = "diff \"${PODS_PODFILE_DIR_PATH}/Podfile.lock\" \"${PODS_ROOT}/Manifest.lock\" > /dev/null\nif [ $? != 0 ] ; then\n    # print error to STDERR\n    echo \"error: The sandbox is not in sync with the Podfile.lock. Run 'pod install' or update your CocoaPods installation.\" >&2\n    exit 1\nfi\n# This output is used by Xcode 'outputs' to avoid re-running this script phase.\necho \"SUCCESS\" > \"${SCRIPT_OUTPUT_FILE_0}\"\n";
			showEnvVarsInLog = 0;
		};
/* End PBXShellScriptBuildPhase section */

/* Begin PBXSourcesBuildPhase section */
		4CF32159222DF6C70034F1D9 /* Sources */ = {
			isa = PBXSourcesBuildPhase;
			buildActionMask = 2147483647;
			files = (
				18CDAD26225C003800EBD5DE /* Commit.swift in Sources */,
				4C3CD6552257FBB000F1D023 /* RepoCell.swift in Sources */,
				4C397EF922557412001C801B /* EventTableViewCell.swift in Sources */,
				4C3CD65E22581E8000F1D023 /* ImageDownloader.swift in Sources */,
				4C4286CF224C31AF00E00170 /* ViewController.swift in Sources */,
				4C8010DE2249912500596297 /* HTTP.swift in Sources */,
				4CF32163222DF6C70034F1D9 /* SignInViewController.swift in Sources */,
				4C4286C9224C2E2E00E00170 /* UIViewController.swift in Sources */,
				4C4286C7224C2C8400E00170 /* TabBarController.swift in Sources */,
				4C4286CD224C304D00E00170 /* OverViewController.swift in Sources */,
				4CF32161222DF6C70034F1D9 /* AppDelegate.swift in Sources */,
				4C8010E02249934F00596297 /* String.swift in Sources */,
				4C3CD65A225807B300F1D023 /* ProfileViewController.swift in Sources */,
				4C7E7DF1224E81B90095C4A8 /* Event.swift in Sources */,
				18CDAD24225BFF7200EBD5DE /* CommitsTableViewController.swift in Sources */,
				4C397EF5225566DD001C801B /* Handler.swift in Sources */,
				4CFEEBD1224050F500487DA0 /* GitHub.swift in Sources */,
				4CFEEBD3224051DA00487DA0 /* Owner.swift in Sources */,
				4C7E7DF6224E9A480095C4A8 /* EventDecoder.swift in Sources */,
				4C397EF72255710B001C801B /* Colors.swift in Sources */,
				4C197A3F224EE531002B1096 /* CGSize.swift in Sources */,
				4C3CD65C225808D200F1D023 /* ReposViewController.swift in Sources */,
				4CFEEBD52240553000487DA0 /* AuthenticatedUser.swift in Sources */,
				4CFEEBCF224050EA00487DA0 /* Repository.swift in Sources */,
				4C8010DC224990F800596297 /* URL.swift in Sources */,
				4C4FCA772252D208008A6A4D /* Error.swift in Sources */,
				4C4286CB224C2FFA00E00170 /* FeedViewController.swift in Sources */,
				4C83952B2249CE7100A7DFC2 /* Access.swift in Sources */,
				4C7E7DF4224E90830095C4A8 /* WatchEvent.swift in Sources */,
				4C197A3D224EE249002B1096 /* Macro.swift in Sources */,
			);
			runOnlyForDeploymentPostprocessing = 0;
		};
/* End PBXSourcesBuildPhase section */

/* Begin PBXVariantGroup section */
		4CF32169222DF6C80034F1D9 /* LaunchScreen.storyboard */ = {
			isa = PBXVariantGroup;
			children = (
				4CF3216A222DF6C80034F1D9 /* Base */,
			);
			name = LaunchScreen.storyboard;
			sourceTree = "<group>";
		};
/* End PBXVariantGroup section */

/* Begin XCBuildConfiguration section */
		4CF3216D222DF6C80034F1D9 /* Debug */ = {
			isa = XCBuildConfiguration;
			buildSettings = {
				ALWAYS_SEARCH_USER_PATHS = NO;
				CLANG_ANALYZER_NONNULL = YES;
				CLANG_ANALYZER_NUMBER_OBJECT_CONVERSION = YES_AGGRESSIVE;
				CLANG_CXX_LANGUAGE_STANDARD = "gnu++14";
				CLANG_CXX_LIBRARY = "libc++";
				CLANG_ENABLE_MODULES = YES;
				CLANG_ENABLE_OBJC_ARC = YES;
				CLANG_ENABLE_OBJC_WEAK = YES;
				CLANG_WARN_BLOCK_CAPTURE_AUTORELEASING = YES;
				CLANG_WARN_BOOL_CONVERSION = YES;
				CLANG_WARN_COMMA = YES;
				CLANG_WARN_CONSTANT_CONVERSION = YES;
				CLANG_WARN_DEPRECATED_OBJC_IMPLEMENTATIONS = YES;
				CLANG_WARN_DIRECT_OBJC_ISA_USAGE = YES_ERROR;
				CLANG_WARN_DOCUMENTATION_COMMENTS = YES;
				CLANG_WARN_EMPTY_BODY = YES;
				CLANG_WARN_ENUM_CONVERSION = YES;
				CLANG_WARN_INFINITE_RECURSION = YES;
				CLANG_WARN_INT_CONVERSION = YES;
				CLANG_WARN_NON_LITERAL_NULL_CONVERSION = YES;
				CLANG_WARN_OBJC_IMPLICIT_RETAIN_SELF = YES;
				CLANG_WARN_OBJC_LITERAL_CONVERSION = YES;
				CLANG_WARN_OBJC_ROOT_CLASS = YES_ERROR;
				CLANG_WARN_RANGE_LOOP_ANALYSIS = YES;
				CLANG_WARN_STRICT_PROTOTYPES = YES;
				CLANG_WARN_SUSPICIOUS_MOVE = YES;
				CLANG_WARN_UNGUARDED_AVAILABILITY = YES_AGGRESSIVE;
				CLANG_WARN_UNREACHABLE_CODE = YES;
				CLANG_WARN__DUPLICATE_METHOD_MATCH = YES;
				CODE_SIGN_IDENTITY = "iPhone Developer";
				COPY_PHASE_STRIP = NO;
				DEBUG_INFORMATION_FORMAT = dwarf;
				ENABLE_STRICT_OBJC_MSGSEND = YES;
				ENABLE_TESTABILITY = YES;
				GCC_C_LANGUAGE_STANDARD = gnu11;
				GCC_DYNAMIC_NO_PIC = NO;
				GCC_NO_COMMON_BLOCKS = YES;
				GCC_OPTIMIZATION_LEVEL = 0;
				GCC_PREPROCESSOR_DEFINITIONS = (
					"DEBUG=1",
					"$(inherited)",
				);
				GCC_WARN_64_TO_32_BIT_CONVERSION = YES;
				GCC_WARN_ABOUT_RETURN_TYPE = YES_ERROR;
				GCC_WARN_UNDECLARED_SELECTOR = YES;
				GCC_WARN_UNINITIALIZED_AUTOS = YES_AGGRESSIVE;
				GCC_WARN_UNUSED_FUNCTION = YES;
				GCC_WARN_UNUSED_VARIABLE = YES;
				IPHONEOS_DEPLOYMENT_TARGET = 11.0;
				MTL_ENABLE_DEBUG_INFO = INCLUDE_SOURCE;
				MTL_FAST_MATH = YES;
				ONLY_ACTIVE_ARCH = YES;
				SDKROOT = iphoneos;
				SWIFT_ACTIVE_COMPILATION_CONDITIONS = DEBUG;
				SWIFT_OPTIMIZATION_LEVEL = "-Onone";
			};
			name = Debug;
		};
		4CF3216E222DF6C80034F1D9 /* Release */ = {
			isa = XCBuildConfiguration;
			buildSettings = {
				ALWAYS_SEARCH_USER_PATHS = NO;
				CLANG_ANALYZER_NONNULL = YES;
				CLANG_ANALYZER_NUMBER_OBJECT_CONVERSION = YES_AGGRESSIVE;
				CLANG_CXX_LANGUAGE_STANDARD = "gnu++14";
				CLANG_CXX_LIBRARY = "libc++";
				CLANG_ENABLE_MODULES = YES;
				CLANG_ENABLE_OBJC_ARC = YES;
				CLANG_ENABLE_OBJC_WEAK = YES;
				CLANG_WARN_BLOCK_CAPTURE_AUTORELEASING = YES;
				CLANG_WARN_BOOL_CONVERSION = YES;
				CLANG_WARN_COMMA = YES;
				CLANG_WARN_CONSTANT_CONVERSION = YES;
				CLANG_WARN_DEPRECATED_OBJC_IMPLEMENTATIONS = YES;
				CLANG_WARN_DIRECT_OBJC_ISA_USAGE = YES_ERROR;
				CLANG_WARN_DOCUMENTATION_COMMENTS = YES;
				CLANG_WARN_EMPTY_BODY = YES;
				CLANG_WARN_ENUM_CONVERSION = YES;
				CLANG_WARN_INFINITE_RECURSION = YES;
				CLANG_WARN_INT_CONVERSION = YES;
				CLANG_WARN_NON_LITERAL_NULL_CONVERSION = YES;
				CLANG_WARN_OBJC_IMPLICIT_RETAIN_SELF = YES;
				CLANG_WARN_OBJC_LITERAL_CONVERSION = YES;
				CLANG_WARN_OBJC_ROOT_CLASS = YES_ERROR;
				CLANG_WARN_RANGE_LOOP_ANALYSIS = YES;
				CLANG_WARN_STRICT_PROTOTYPES = YES;
				CLANG_WARN_SUSPICIOUS_MOVE = YES;
				CLANG_WARN_UNGUARDED_AVAILABILITY = YES_AGGRESSIVE;
				CLANG_WARN_UNREACHABLE_CODE = YES;
				CLANG_WARN__DUPLICATE_METHOD_MATCH = YES;
				CODE_SIGN_IDENTITY = "iPhone Developer";
				COPY_PHASE_STRIP = NO;
				DEBUG_INFORMATION_FORMAT = "dwarf-with-dsym";
				ENABLE_NS_ASSERTIONS = NO;
				ENABLE_STRICT_OBJC_MSGSEND = YES;
				GCC_C_LANGUAGE_STANDARD = gnu11;
				GCC_NO_COMMON_BLOCKS = YES;
				GCC_WARN_64_TO_32_BIT_CONVERSION = YES;
				GCC_WARN_ABOUT_RETURN_TYPE = YES_ERROR;
				GCC_WARN_UNDECLARED_SELECTOR = YES;
				GCC_WARN_UNINITIALIZED_AUTOS = YES_AGGRESSIVE;
				GCC_WARN_UNUSED_FUNCTION = YES;
				GCC_WARN_UNUSED_VARIABLE = YES;
				IPHONEOS_DEPLOYMENT_TARGET = 11.0;
				MTL_ENABLE_DEBUG_INFO = NO;
				MTL_FAST_MATH = YES;
				SDKROOT = iphoneos;
				SWIFT_COMPILATION_MODE = wholemodule;
				SWIFT_OPTIMIZATION_LEVEL = "-O";
				VALIDATE_PRODUCT = YES;
			};
			name = Release;
		};
		4CF32170222DF6C80034F1D9 /* Debug */ = {
			isa = XCBuildConfiguration;
			baseConfigurationReference = 54AA29E77EB268A92FAC8D29 /* Pods-SourceHub.debug.xcconfig */;
			buildSettings = {
				ASSETCATALOG_COMPILER_APPICON_NAME = AppIcon;
				CODE_SIGN_STYLE = Automatic;
				DEVELOPMENT_TEAM = 83A9Z5EMT8;
				INFOPLIST_FILE = SourceHub/Info.plist;
				LD_RUNPATH_SEARCH_PATHS = (
					"$(inherited)",
					"@executable_path/Frameworks",
				);
				PRODUCT_BUNDLE_IDENTIFIER = com.sourcehub.SourceHub;
				PRODUCT_NAME = "$(TARGET_NAME)";
				SWIFT_VERSION = 5.0;
				TARGETED_DEVICE_FAMILY = "1,2";
			};
			name = Debug;
		};
		4CF32171222DF6C80034F1D9 /* Release */ = {
			isa = XCBuildConfiguration;
			baseConfigurationReference = C685D5996772CD490176FC2A /* Pods-SourceHub.release.xcconfig */;
			buildSettings = {
				ASSETCATALOG_COMPILER_APPICON_NAME = AppIcon;
				CODE_SIGN_STYLE = Automatic;
				DEVELOPMENT_TEAM = 83A9Z5EMT8;
				INFOPLIST_FILE = SourceHub/Info.plist;
				LD_RUNPATH_SEARCH_PATHS = (
					"$(inherited)",
					"@executable_path/Frameworks",
				);
				PRODUCT_BUNDLE_IDENTIFIER = com.sourcehub.SourceHub;
				PRODUCT_NAME = "$(TARGET_NAME)";
				SWIFT_VERSION = 5.0;
				TARGETED_DEVICE_FAMILY = "1,2";
			};
			name = Release;
		};
/* End XCBuildConfiguration section */

/* Begin XCConfigurationList section */
		4CF32158222DF6C70034F1D9 /* Build configuration list for PBXProject "SourceHub" */ = {
			isa = XCConfigurationList;
			buildConfigurations = (
				4CF3216D222DF6C80034F1D9 /* Debug */,
				4CF3216E222DF6C80034F1D9 /* Release */,
			);
			defaultConfigurationIsVisible = 0;
			defaultConfigurationName = Release;
		};
		4CF3216F222DF6C80034F1D9 /* Build configuration list for PBXNativeTarget "SourceHub" */ = {
			isa = XCConfigurationList;
			buildConfigurations = (
				4CF32170222DF6C80034F1D9 /* Debug */,
				4CF32171222DF6C80034F1D9 /* Release */,
			);
			defaultConfigurationIsVisible = 0;
			defaultConfigurationName = Release;
		};
/* End XCConfigurationList section */
	};
	rootObject = 4CF32155222DF6C70034F1D9 /* Project object */;
}
