// !$*UTF8*$!
{
	archiveVersion = 1;
	classes = {
	};
	objectVersion = 50;
	objects = {

/* Begin PBXBuildFile section */
		4C8010D622498AC800596297 /* .gitignore in Resources */ = {isa = PBXBuildFile; fileRef = 4C8010D522498AC800596297 /* .gitignore */; };
		4C8010DC224990F800596297 /* URL.swift in Sources */ = {isa = PBXBuildFile; fileRef = 4C8010DB224990F800596297 /* URL.swift */; };
		4C8010DE2249912500596297 /* HTTP.swift in Sources */ = {isa = PBXBuildFile; fileRef = 4C8010DD2249912500596297 /* HTTP.swift */; };
		4C8010E02249934F00596297 /* String.swift in Sources */ = {isa = PBXBuildFile; fileRef = 4C8010DF2249934F00596297 /* String.swift */; };
		4C8395292249C4B500A7DFC2 /* Client Secret in Resources */ = {isa = PBXBuildFile; fileRef = 4C8395282249C4B400A7DFC2 /* Client Secret */; };
		4CF32161222DF6C70034F1D9 /* AppDelegate.swift in Sources */ = {isa = PBXBuildFile; fileRef = 4CF32160222DF6C70034F1D9 /* AppDelegate.swift */; };
		4CF32163222DF6C70034F1D9 /* ViewController.swift in Sources */ = {isa = PBXBuildFile; fileRef = 4CF32162222DF6C70034F1D9 /* ViewController.swift */; };
		4CF32168222DF6C80034F1D9 /* Assets.xcassets in Resources */ = {isa = PBXBuildFile; fileRef = 4CF32167222DF6C80034F1D9 /* Assets.xcassets */; };
		4CF3216B222DF6C80034F1D9 /* LaunchScreen.storyboard in Resources */ = {isa = PBXBuildFile; fileRef = 4CF32169222DF6C80034F1D9 /* LaunchScreen.storyboard */; };
		4CFEEBCF224050EA00487DA0 /* Repository.swift in Sources */ = {isa = PBXBuildFile; fileRef = 4CFEEBCE224050EA00487DA0 /* Repository.swift */; };
		4CFEEBD1224050F500487DA0 /* GitHub.swift in Sources */ = {isa = PBXBuildFile; fileRef = 4CFEEBD0224050F500487DA0 /* GitHub.swift */; };
		4CFEEBD3224051DA00487DA0 /* Owner.swift in Sources */ = {isa = PBXBuildFile; fileRef = 4CFEEBD2224051DA00487DA0 /* Owner.swift */; };
		4CFEEBD52240553000487DA0 /* AuthenticatedUser.swift in Sources */ = {isa = PBXBuildFile; fileRef = 4CFEEBD42240553000487DA0 /* AuthenticatedUser.swift */; };
		4CFEEBD72240589F00487DA0 /* README.md in Resources */ = {isa = PBXBuildFile; fileRef = 4CFEEBD62240589F00487DA0 /* README.md */; };
/* End PBXBuildFile section */

/* Begin PBXFileReference section */
		4C8010D522498AC800596297 /* .gitignore */ = {isa = PBXFileReference; fileEncoding = 4; lastKnownFileType = text; path = .gitignore; sourceTree = "<group>"; };
		4C8010DB224990F800596297 /* URL.swift */ = {isa = PBXFileReference; fileEncoding = 4; lastKnownFileType = sourcecode.swift; path = URL.swift; sourceTree = "<group>"; };
		4C8010DD2249912500596297 /* HTTP.swift */ = {isa = PBXFileReference; lastKnownFileType = sourcecode.swift; path = HTTP.swift; sourceTree = "<group>"; };
		4C8010DF2249934F00596297 /* String.swift */ = {isa = PBXFileReference; lastKnownFileType = sourcecode.swift; path = String.swift; sourceTree = "<group>"; };
		4C8395282249C4B400A7DFC2 /* Client Secret */ = {isa = PBXFileReference; lastKnownFileType = text; path = "Client Secret"; sourceTree = "<group>"; };
		4CF3215D222DF6C70034F1D9 /* SourceHub.app */ = {isa = PBXFileReference; explicitFileType = wrapper.application; includeInIndex = 0; path = SourceHub.app; sourceTree = BUILT_PRODUCTS_DIR; };
		4CF32160222DF6C70034F1D9 /* AppDelegate.swift */ = {isa = PBXFileReference; lastKnownFileType = sourcecode.swift; path = AppDelegate.swift; sourceTree = "<group>"; };
		4CF32162222DF6C70034F1D9 /* ViewController.swift */ = {isa = PBXFileReference; lastKnownFileType = sourcecode.swift; path = ViewController.swift; sourceTree = "<group>"; };
		4CF32167222DF6C80034F1D9 /* Assets.xcassets */ = {isa = PBXFileReference; lastKnownFileType = folder.assetcatalog; path = Assets.xcassets; sourceTree = "<group>"; };
		4CF3216A222DF6C80034F1D9 /* Base */ = {isa = PBXFileReference; lastKnownFileType = file.storyboard; name = Base; path = Base.lproj/LaunchScreen.storyboard; sourceTree = "<group>"; };
		4CF3216C222DF6C80034F1D9 /* Info.plist */ = {isa = PBXFileReference; lastKnownFileType = text.plist.xml; path = Info.plist; sourceTree = "<group>"; };
		4CFEEBCE224050EA00487DA0 /* Repository.swift */ = {isa = PBXFileReference; lastKnownFileType = sourcecode.swift; path = Repository.swift; sourceTree = "<group>"; };
		4CFEEBD0224050F500487DA0 /* GitHub.swift */ = {isa = PBXFileReference; lastKnownFileType = sourcecode.swift; path = GitHub.swift; sourceTree = "<group>"; };
		4CFEEBD2224051DA00487DA0 /* Owner.swift */ = {isa = PBXFileReference; lastKnownFileType = sourcecode.swift; path = Owner.swift; sourceTree = "<group>"; };
		4CFEEBD42240553000487DA0 /* AuthenticatedUser.swift */ = {isa = PBXFileReference; lastKnownFileType = sourcecode.swift; path = AuthenticatedUser.swift; sourceTree = "<group>"; };
		4CFEEBD62240589F00487DA0 /* README.md */ = {isa = PBXFileReference; fileEncoding = 4; lastKnownFileType = net.daringfireball.markdown; path = README.md; sourceTree = "<group>"; };
/* End PBXFileReference section */

/* Begin PBXFrameworksBuildPhase section */
		4CF3215A222DF6C70034F1D9 /* Frameworks */ = {
			isa = PBXFrameworksBuildPhase;
			buildActionMask = 2147483647;
			files = (
			);
			runOnlyForDeploymentPostprocessing = 0;
		};
/* End PBXFrameworksBuildPhase section */

/* Begin PBXGroup section */
		4CF32154222DF6C70034F1D9 = {
			isa = PBXGroup;
			children = (
				4C8010D522498AC800596297 /* .gitignore */,
				4CFEEBD62240589F00487DA0 /* README.md */,
				4CFEEBCD224050D900487DA0 /* GitHub */,
				4CF3215F222DF6C70034F1D9 /* SourceHub */,
				4CF3215E222DF6C70034F1D9 /* Products */,
			);
			sourceTree = "<group>";
		};
		4CF3215E222DF6C70034F1D9 /* Products */ = {
			isa = PBXGroup;
			children = (
				4CF3215D222DF6C70034F1D9 /* SourceHub.app */,
			);
			name = Products;
			sourceTree = "<group>";
		};
		4CF3215F222DF6C70034F1D9 /* SourceHub */ = {
			isa = PBXGroup;
			children = (
				4CF32160222DF6C70034F1D9 /* AppDelegate.swift */,
				4C8010DD2249912500596297 /* HTTP.swift */,
				4C8010DF2249934F00596297 /* String.swift */,
				4C8010DB224990F800596297 /* URL.swift */,
				4CF32162222DF6C70034F1D9 /* ViewController.swift */,
				4CF32167222DF6C80034F1D9 /* Assets.xcassets */,
				4CF32169222DF6C80034F1D9 /* LaunchScreen.storyboard */,
				4CF3216C222DF6C80034F1D9 /* Info.plist */,
			);
			path = SourceHub;
			sourceTree = "<group>";
		};
		4CFEEBCD224050D900487DA0 /* GitHub */ = {
			isa = PBXGroup;
			children = (
				4C8395282249C4B400A7DFC2 /* Client Secret */,
				4CFEEBD0224050F500487DA0 /* GitHub.swift */,
				4CFEEBD42240553000487DA0 /* AuthenticatedUser.swift */,
				4CFEEBD2224051DA00487DA0 /* Owner.swift */,
				4CFEEBCE224050EA00487DA0 /* Repository.swift */,
			);
			path = GitHub;
			sourceTree = "<group>";
		};
/* End PBXGroup section */

/* Begin PBXNativeTarget section */
		4CF3215C222DF6C70034F1D9 /* SourceHub */ = {
			isa = PBXNativeTarget;
			buildConfigurationList = 4CF3216F222DF6C80034F1D9 /* Build configuration list for PBXNativeTarget "SourceHub" */;
			buildPhases = (
				4CF32159222DF6C70034F1D9 /* Sources */,
				4CF3215A222DF6C70034F1D9 /* Frameworks */,
				4CF3215B222DF6C70034F1D9 /* Resources */,
			);
			buildRules = (
			);
			dependencies = (
			);
			name = SourceHub;
			productName = SourceHub;
			productReference = 4CF3215D222DF6C70034F1D9 /* SourceHub.app */;
			productType = "com.apple.product-type.application";
		};
/* End PBXNativeTarget section */

/* Begin PBXProject section */
		4CF32155222DF6C70034F1D9 /* Project object */ = {
			isa = PBXProject;
			attributes = {
				LastSwiftUpdateCheck = 1010;
				LastUpgradeCheck = 1010;
				ORGANIZATIONNAME = SourceHub;
				TargetAttributes = {
					4CF3215C222DF6C70034F1D9 = {
						CreatedOnToolsVersion = 10.1;
					};
				};
			};
			buildConfigurationList = 4CF32158222DF6C70034F1D9 /* Build configuration list for PBXProject "SourceHub" */;
			compatibilityVersion = "Xcode 9.3";
			developmentRegion = en;
			hasScannedForEncodings = 0;
			knownRegions = (
				en,
				Base,
			);
			mainGroup = 4CF32154222DF6C70034F1D9;
			productRefGroup = 4CF3215E222DF6C70034F1D9 /* Products */;
			projectDirPath = "";
			projectRoot = "";
			targets = (
				4CF3215C222DF6C70034F1D9 /* SourceHub */,
			);
		};
/* End PBXProject section */

/* Begin PBXResourcesBuildPhase section */
		4CF3215B222DF6C70034F1D9 /* Resources */ = {
			isa = PBXResourcesBuildPhase;
			buildActionMask = 2147483647;
			files = (
				4C8010D622498AC800596297 /* .gitignore in Resources */,
				4CF3216B222DF6C80034F1D9 /* LaunchScreen.storyboard in Resources */,
				4CF32168222DF6C80034F1D9 /* Assets.xcassets in Resources */,
				4CFEEBD72240589F00487DA0 /* README.md in Resources */,
				4C8395292249C4B500A7DFC2 /* Client Secret in Resources */,
			);
			runOnlyForDeploymentPostprocessing = 0;
		};
/* End PBXResourcesBuildPhase section */

/* Begin PBXSourcesBuildPhase section */
		4CF32159222DF6C70034F1D9 /* Sources */ = {
			isa = PBXSourcesBuildPhase;
			buildActionMask = 2147483647;
			files = (
				4C8010DE2249912500596297 /* HTTP.swift in Sources */,
				4CF32163222DF6C70034F1D9 /* ViewController.swift in Sources */,
				4CF32161222DF6C70034F1D9 /* AppDelegate.swift in Sources */,
				4C8010E02249934F00596297 /* String.swift in Sources */,
				4CFEEBD1224050F500487DA0 /* GitHub.swift in Sources */,
				4CFEEBD3224051DA00487DA0 /* Owner.swift in Sources */,
				4CFEEBD52240553000487DA0 /* AuthenticatedUser.swift in Sources */,
				4CFEEBCF224050EA00487DA0 /* Repository.swift in Sources */,
				4C8010DC224990F800596297 /* URL.swift in Sources */,
			);
			runOnlyForDeploymentPostprocessing = 0;
		};
/* End PBXSourcesBuildPhase section */

/* Begin PBXVariantGroup section */
		4CF32169222DF6C80034F1D9 /* LaunchScreen.storyboard */ = {
			isa = PBXVariantGroup;
			children = (
				4CF3216A222DF6C80034F1D9 /* Base */,
			);
			name = LaunchScreen.storyboard;
			sourceTree = "<group>";
		};
/* End PBXVariantGroup section */

/* Begin XCBuildConfiguration section */
		4CF3216D222DF6C80034F1D9 /* Debug */ = {
			isa = XCBuildConfiguration;
			buildSettings = {
				ALWAYS_SEARCH_USER_PATHS = NO;
				CLANG_ANALYZER_NONNULL = YES;
				CLANG_ANALYZER_NUMBER_OBJECT_CONVERSION = YES_AGGRESSIVE;
				CLANG_CXX_LANGUAGE_STANDARD = "gnu++14";
				CLANG_CXX_LIBRARY = "libc++";
				CLANG_ENABLE_MODULES = YES;
				CLANG_ENABLE_OBJC_ARC = YES;
				CLANG_ENABLE_OBJC_WEAK = YES;
				CLANG_WARN_BLOCK_CAPTURE_AUTORELEASING = YES;
				CLANG_WARN_BOOL_CONVERSION = YES;
				CLANG_WARN_COMMA = YES;
				CLANG_WARN_CONSTANT_CONVERSION = YES;
				CLANG_WARN_DEPRECATED_OBJC_IMPLEMENTATIONS = YES;
				CLANG_WARN_DIRECT_OBJC_ISA_USAGE = YES_ERROR;
				CLANG_WARN_DOCUMENTATION_COMMENTS = YES;
				CLANG_WARN_EMPTY_BODY = YES;
				CLANG_WARN_ENUM_CONVERSION = YES;
				CLANG_WARN_INFINITE_RECURSION = YES;
				CLANG_WARN_INT_CONVERSION = YES;
				CLANG_WARN_NON_LITERAL_NULL_CONVERSION = YES;
				CLANG_WARN_OBJC_IMPLICIT_RETAIN_SELF = YES;
				CLANG_WARN_OBJC_LITERAL_CONVERSION = YES;
				CLANG_WARN_OBJC_ROOT_CLASS = YES_ERROR;
				CLANG_WARN_RANGE_LOOP_ANALYSIS = YES;
				CLANG_WARN_STRICT_PROTOTYPES = YES;
				CLANG_WARN_SUSPICIOUS_MOVE = YES;
				CLANG_WARN_UNGUARDED_AVAILABILITY = YES_AGGRESSIVE;
				CLANG_WARN_UNREACHABLE_CODE = YES;
				CLANG_WARN__DUPLICATE_METHOD_MATCH = YES;
				CODE_SIGN_IDENTITY = "iPhone Developer";
				COPY_PHASE_STRIP = NO;
				DEBUG_INFORMATION_FORMAT = dwarf;
				ENABLE_STRICT_OBJC_MSGSEND = YES;
				ENABLE_TESTABILITY = YES;
				GCC_C_LANGUAGE_STANDARD = gnu11;
				GCC_DYNAMIC_NO_PIC = NO;
				GCC_NO_COMMON_BLOCKS = YES;
				GCC_OPTIMIZATION_LEVEL = 0;
				GCC_PREPROCESSOR_DEFINITIONS = (
					"DEBUG=1",
					"$(inherited)",
				);
				GCC_WARN_64_TO_32_BIT_CONVERSION = YES;
				GCC_WARN_ABOUT_RETURN_TYPE = YES_ERROR;
				GCC_WARN_UNDECLARED_SELECTOR = YES;
				GCC_WARN_UNINITIALIZED_AUTOS = YES_AGGRESSIVE;
				GCC_WARN_UNUSED_FUNCTION = YES;
				GCC_WARN_UNUSED_VARIABLE = YES;
				IPHONEOS_DEPLOYMENT_TARGET = 12.1;
				MTL_ENABLE_DEBUG_INFO = INCLUDE_SOURCE;
				MTL_FAST_MATH = YES;
				ONLY_ACTIVE_ARCH = YES;
				SDKROOT = iphoneos;
				SWIFT_ACTIVE_COMPILATION_CONDITIONS = DEBUG;
				SWIFT_OPTIMIZATION_LEVEL = "-Onone";
			};
			name = Debug;
		};
		4CF3216E222DF6C80034F1D9 /* Release */ = {
			isa = XCBuildConfiguration;
			buildSettings = {
				ALWAYS_SEARCH_USER_PATHS = NO;
				CLANG_ANALYZER_NONNULL = YES;
				CLANG_ANALYZER_NUMBER_OBJECT_CONVERSION = YES_AGGRESSIVE;
				CLANG_CXX_LANGUAGE_STANDARD = "gnu++14";
				CLANG_CXX_LIBRARY = "libc++";
				CLANG_ENABLE_MODULES = YES;
				CLANG_ENABLE_OBJC_ARC = YES;
				CLANG_ENABLE_OBJC_WEAK = YES;
				CLANG_WARN_BLOCK_CAPTURE_AUTORELEASING = YES;
				CLANG_WARN_BOOL_CONVERSION = YES;
				CLANG_WARN_COMMA = YES;
				CLANG_WARN_CONSTANT_CONVERSION = YES;
				CLANG_WARN_DEPRECATED_OBJC_IMPLEMENTATIONS = YES;
				CLANG_WARN_DIRECT_OBJC_ISA_USAGE = YES_ERROR;
				CLANG_WARN_DOCUMENTATION_COMMENTS = YES;
				CLANG_WARN_EMPTY_BODY = YES;
				CLANG_WARN_ENUM_CONVERSION = YES;
				CLANG_WARN_INFINITE_RECURSION = YES;
				CLANG_WARN_INT_CONVERSION = YES;
				CLANG_WARN_NON_LITERAL_NULL_CONVERSION = YES;
				CLANG_WARN_OBJC_IMPLICIT_RETAIN_SELF = YES;
				CLANG_WARN_OBJC_LITERAL_CONVERSION = YES;
				CLANG_WARN_OBJC_ROOT_CLASS = YES_ERROR;
				CLANG_WARN_RANGE_LOOP_ANALYSIS = YES;
				CLANG_WARN_STRICT_PROTOTYPES = YES;
				CLANG_WARN_SUSPICIOUS_MOVE = YES;
				CLANG_WARN_UNGUARDED_AVAILABILITY = YES_AGGRESSIVE;
				CLANG_WARN_UNREACHABLE_CODE = YES;
				CLANG_WARN__DUPLICATE_METHOD_MATCH = YES;
				CODE_SIGN_IDENTITY = "iPhone Developer";
				COPY_PHASE_STRIP = NO;
				DEBUG_INFORMATION_FORMAT = "dwarf-with-dsym";
				ENABLE_NS_ASSERTIONS = NO;
				ENABLE_STRICT_OBJC_MSGSEND = YES;
				GCC_C_LANGUAGE_STANDARD = gnu11;
				GCC_NO_COMMON_BLOCKS = YES;
				GCC_WARN_64_TO_32_BIT_CONVERSION = YES;
				GCC_WARN_ABOUT_RETURN_TYPE = YES_ERROR;
				GCC_WARN_UNDECLARED_SELECTOR = YES;
				GCC_WARN_UNINITIALIZED_AUTOS = YES_AGGRESSIVE;
				GCC_WARN_UNUSED_FUNCTION = YES;
				GCC_WARN_UNUSED_VARIABLE = YES;
				IPHONEOS_DEPLOYMENT_TARGET = 12.1;
				MTL_ENABLE_DEBUG_INFO = NO;
				MTL_FAST_MATH = YES;
				SDKROOT = iphoneos;
				SWIFT_COMPILATION_MODE = wholemodule;
				SWIFT_OPTIMIZATION_LEVEL = "-O";
				VALIDATE_PRODUCT = YES;
			};
			name = Release;
		};
		4CF32170222DF6C80034F1D9 /* Debug */ = {
			isa = XCBuildConfiguration;
			buildSettings = {
				ASSETCATALOG_COMPILER_APPICON_NAME = AppIcon;
				CODE_SIGN_STYLE = Automatic;
				DEVELOPMENT_TEAM = 83A9Z5EMT8;
				INFOPLIST_FILE = SourceHub/Info.plist;
				LD_RUNPATH_SEARCH_PATHS = (
					"$(inherited)",
					"@executable_path/Frameworks",
				);
				PRODUCT_BUNDLE_IDENTIFIER = com.sourcehub.SourceHub;
				PRODUCT_NAME = "$(TARGET_NAME)";
				SWIFT_VERSION = 4.2;
				TARGETED_DEVICE_FAMILY = "1,2";
			};
			name = Debug;
		};
		4CF32171222DF6C80034F1D9 /* Release */ = {
			isa = XCBuildConfiguration;
			buildSettings = {
				ASSETCATALOG_COMPILER_APPICON_NAME = AppIcon;
				CODE_SIGN_STYLE = Automatic;
				DEVELOPMENT_TEAM = 83A9Z5EMT8;
				INFOPLIST_FILE = SourceHub/Info.plist;
				LD_RUNPATH_SEARCH_PATHS = (
					"$(inherited)",
					"@executable_path/Frameworks",
				);
				PRODUCT_BUNDLE_IDENTIFIER = com.sourcehub.SourceHub;
				PRODUCT_NAME = "$(TARGET_NAME)";
				SWIFT_VERSION = 4.2;
				TARGETED_DEVICE_FAMILY = "1,2";
			};
			name = Release;
		};
/* End XCBuildConfiguration section */

/* Begin XCConfigurationList section */
		4CF32158222DF6C70034F1D9 /* Build configuration list for PBXProject "SourceHub" */ = {
			isa = XCConfigurationList;
			buildConfigurations = (
				4CF3216D222DF6C80034F1D9 /* Debug */,
				4CF3216E222DF6C80034F1D9 /* Release */,
			);
			defaultConfigurationIsVisible = 0;
			defaultConfigurationName = Release;
		};
		4CF3216F222DF6C80034F1D9 /* Build configuration list for PBXNativeTarget "SourceHub" */ = {
			isa = XCConfigurationList;
			buildConfigurations = (
				4CF32170222DF6C80034F1D9 /* Debug */,
				4CF32171222DF6C80034F1D9 /* Release */,
			);
			defaultConfigurationIsVisible = 0;
			defaultConfigurationName = Release;
		};
/* End XCConfigurationList section */
	};
	rootObject = 4CF32155222DF6C70034F1D9 /* Project object */;
}
