// !$*UTF8*$!
{
	archiveVersion = 1;
	classes = {
	};
	objectVersion = 50;
	objects = {

/* Begin PBXBuildFile section */
		16BF059AC878B13B05590426 /* Pods_GitHub.framework in Frameworks */ = {isa = PBXBuildFile; fileRef = 1E4A942032895D984A9A7E8C /* Pods_GitHub.framework */; };
		18CDAD24225BFF7200EBD5DE /* CommitsViewController.swift in Sources */ = {isa = PBXBuildFile; fileRef = 18CDAD23225BFF7200EBD5DE /* CommitsViewController.swift */; };
		18D54880226B8F1400CBEBC0 /* WebViewController.swift in Sources */ = {isa = PBXBuildFile; fileRef = 18D5487F226B8F1400CBEBC0 /* WebViewController.swift */; };
		18DA5C2F2267E05000B78ABE /* RepositoryViewController.swift in Sources */ = {isa = PBXBuildFile; fileRef = 18DA5C2E2267E05000B78ABE /* RepositoryViewController.swift */; };
		18DA5C312267E09C00B78ABE /* Contents.swift in Sources */ = {isa = PBXBuildFile; fileRef = 18DA5C302267E09C00B78ABE /* Contents.swift */; };
		18DA5C332267E0E800B78ABE /* ContentsViewController.swift in Sources */ = {isa = PBXBuildFile; fileRef = 18DA5C322267E0E800B78ABE /* ContentsViewController.swift */; };
		18DFCA9422653B5400CB67DC /* (null) in Sources */ = {isa = PBXBuildFile; };
		18DFCA9622653BBC00CB67DC /* (null) in Sources */ = {isa = PBXBuildFile; };
		18DFCA9B2265425100CB67DC /* (null) in Sources */ = {isa = PBXBuildFile; };
		4C197A3D224EE249002B1096 /* Macro.swift in Sources */ = {isa = PBXBuildFile; fileRef = 4C197A3C224EE249002B1096 /* Macro.swift */; };
		4C197A3F224EE531002B1096 /* CGSize.swift in Sources */ = {isa = PBXBuildFile; fileRef = 4C197A3E224EE531002B1096 /* CGSize.swift */; };
		4C2C6EF5226588110079062C /* AccessRequest.swift in Sources */ = {isa = PBXBuildFile; fileRef = 4C2C6EF4226588110079062C /* AccessRequest.swift */; };
		4C397EF72255710B001C801B /* Colors.swift in Sources */ = {isa = PBXBuildFile; fileRef = 4C397EF62255710B001C801B /* Colors.swift */; };
		4C397EF922557412001C801B /* EventTableViewCell.swift in Sources */ = {isa = PBXBuildFile; fileRef = 4C397EF822557412001C801B /* EventTableViewCell.swift */; };
		4C3CD6552257FBB000F1D023 /* RepoTableViewCell.swift in Sources */ = {isa = PBXBuildFile; fileRef = 4C3CD6542257FBB000F1D023 /* RepoTableViewCell.swift */; };
		4C3CD65A225807B300F1D023 /* ProfileViewController.swift in Sources */ = {isa = PBXBuildFile; fileRef = 4C3CD659225807B300F1D023 /* ProfileViewController.swift */; };
		4C3CD65C225808D200F1D023 /* ReposViewController.swift in Sources */ = {isa = PBXBuildFile; fileRef = 4C3CD65B225808D200F1D023 /* ReposViewController.swift */; };
		4C3CD65E22581E8000F1D023 /* ImageDownloader.swift in Sources */ = {isa = PBXBuildFile; fileRef = 4C3CD65D22581E8000F1D023 /* ImageDownloader.swift */; };
		4C4286C7224C2C8400E00170 /* TabBarController.swift in Sources */ = {isa = PBXBuildFile; fileRef = 4C4286C6224C2C8400E00170 /* TabBarController.swift */; };
		4C4286C9224C2E2E00E00170 /* UIViewController.swift in Sources */ = {isa = PBXBuildFile; fileRef = 4C4286C8224C2E2D00E00170 /* UIViewController.swift */; };
		4C4286CB224C2FFA00E00170 /* FeedViewController.swift in Sources */ = {isa = PBXBuildFile; fileRef = 4C4286CA224C2FFA00E00170 /* FeedViewController.swift */; };
		4C4286CD224C304D00E00170 /* OverViewController.swift in Sources */ = {isa = PBXBuildFile; fileRef = 4C4286CC224C304D00E00170 /* OverViewController.swift */; };
		4C4286CF224C31AF00E00170 /* ViewController.swift in Sources */ = {isa = PBXBuildFile; fileRef = 4C4286CE224C31AF00E00170 /* ViewController.swift */; };
		4C5962FF225E64570020649A /* GitHubEvent.swift in Sources */ = {isa = PBXBuildFile; fileRef = 4C5962FE225E64570020649A /* GitHubEvent.swift */; };
		4C596301225E6ED50020649A /* UITableView.swift in Sources */ = {isa = PBXBuildFile; fileRef = 4C596300225E6ED50020649A /* UITableView.swift */; };
		4C8010DC224990F800596297 /* URL.swift in Sources */ = {isa = PBXBuildFile; fileRef = 4C8010DB224990F800596297 /* URL.swift */; };
		4C8010DE2249912500596297 /* HTTP.swift in Sources */ = {isa = PBXBuildFile; fileRef = 4C8010DD2249912500596297 /* HTTP.swift */; };
		4C8010E02249934F00596297 /* String.swift in Sources */ = {isa = PBXBuildFile; fileRef = 4C8010DF2249934F00596297 /* String.swift */; };
		4CABC7CB2265311000EB5842 /* GitHub.h in Headers */ = {isa = PBXBuildFile; fileRef = 4CABC7C92265311000EB5842 /* GitHub.h */; settings = {ATTRIBUTES = (Public, ); }; };
		4CABC7CE2265311000EB5842 /* GitHub.framework in Frameworks */ = {isa = PBXBuildFile; fileRef = 4CABC7C72265311000EB5842 /* GitHub.framework */; };
		4CABC7CF2265311000EB5842 /* GitHub.framework in Embed Frameworks */ = {isa = PBXBuildFile; fileRef = 4CABC7C72265311000EB5842 /* GitHub.framework */; settings = {ATTRIBUTES = (CodeSignOnCopy, RemoveHeadersOnCopy, ); }; };
		4CABC7D52265312D00EB5842 /* GitHub.swift in Sources */ = {isa = PBXBuildFile; fileRef = 4CFEEBD0224050F500487DA0 /* GitHub.swift */; };
		4CABC7D62265312D00EB5842 /* Access.swift in Sources */ = {isa = PBXBuildFile; fileRef = 4C83952A2249CE7100A7DFC2 /* Access.swift */; };
		4CABC7D72265312D00EB5842 /* AuthenticatedUser.swift in Sources */ = {isa = PBXBuildFile; fileRef = 4CFEEBD42240553000487DA0 /* AuthenticatedUser.swift */; };
		4CABC7D82265312D00EB5842 /* Commit.swift in Sources */ = {isa = PBXBuildFile; fileRef = 18CDAD25225C003800EBD5DE /* Commit.swift */; };
		4CABC7D92265312D00EB5842 /* Error.swift in Sources */ = {isa = PBXBuildFile; fileRef = 4C4FCA762252D208008A6A4D /* Error.swift */; };
		4CABC7DA2265313800EB5842 /* Issue.swift in Sources */ = {isa = PBXBuildFile; fileRef = 4C11CEFA225EA72F000309D8 /* Issue.swift */; };
		4CABC7DB2265313800EB5842 /* Owner.swift in Sources */ = {isa = PBXBuildFile; fileRef = 4CFEEBD2224051DA00487DA0 /* Owner.swift */; };
		4CABC7DC2265313800EB5842 /* PullRequest.swift in Sources */ = {isa = PBXBuildFile; fileRef = 4CC5A9072260F84700D1ACFB /* PullRequest.swift */; };
		4CABC7DD2265313800EB5842 /* Repository.swift in Sources */ = {isa = PBXBuildFile; fileRef = 4CFEEBCE224050EA00487DA0 /* Repository.swift */; };
		4CABC7DE2265314200EB5842 /* Event.swift in Sources */ = {isa = PBXBuildFile; fileRef = 4C7E7DF0224E81B90095C4A8 /* Event.swift */; };
		4CABC7DF2265314200EB5842 /* EventDecoder.swift in Sources */ = {isa = PBXBuildFile; fileRef = 4C7E7DF5224E9A480095C4A8 /* EventDecoder.swift */; };
		4CABC7E02265314200EB5842 /* CreateEvent.swift in Sources */ = {isa = PBXBuildFile; fileRef = 4C5962FC225E5D300020649A /* CreateEvent.swift */; };
		4CABC7E12265314200EB5842 /* DeleteEvent.swift in Sources */ = {isa = PBXBuildFile; fileRef = 4C11CEF6225EA574000309D8 /* DeleteEvent.swift */; };
		4CABC7E22265314200EB5842 /* ForkEvent.swift in Sources */ = {isa = PBXBuildFile; fileRef = 4C596306225E75890020649A /* ForkEvent.swift */; };
		4CABC7E32265314200EB5842 /* IssueCommentEvent.swift in Sources */ = {isa = PBXBuildFile; fileRef = 4C11CEF8225EA690000309D8 /* IssueCommentEvent.swift */; };
		4CABC7E42265314200EB5842 /* IssuesEvent.swift in Sources */ = {isa = PBXBuildFile; fileRef = 4C11CEF4225E8C08000309D8 /* IssuesEvent.swift */; };
		4CABC7E52265314200EB5842 /* MemberEvent.swift in Sources */ = {isa = PBXBuildFile; fileRef = 4C596302225E70DF0020649A /* MemberEvent.swift */; };
		4CABC7E62265314200EB5842 /* PullRequestEvent.swift in Sources */ = {isa = PBXBuildFile; fileRef = 4C596304225E74590020649A /* PullRequestEvent.swift */; };
		4CABC7E72265314200EB5842 /* PullRequestReviewCommentEvent.swift in Sources */ = {isa = PBXBuildFile; fileRef = 4C11CEFC225EAAA1000309D8 /* PullRequestReviewCommentEvent.swift */; };
		4CABC7E82265314200EB5842 /* PushEvent.swift in Sources */ = {isa = PBXBuildFile; fileRef = 4C5962FA225E54220020649A /* PushEvent.swift */; };
		4CABC7E92265314200EB5842 /* WatchEvent.swift in Sources */ = {isa = PBXBuildFile; fileRef = 4C7E7DF3224E90830095C4A8 /* WatchEvent.swift */; };
		4CABC7EA2265316B00EB5842 /* Handler.swift in Sources */ = {isa = PBXBuildFile; fileRef = 4C397EF4225566DD001C801B /* Handler.swift */; };
		4CABC7EB2265316B00EB5842 /* HTTP.swift in Sources */ = {isa = PBXBuildFile; fileRef = 4C8010DD2249912500596297 /* HTTP.swift */; };
		4CABC7EC2265316B00EB5842 /* Macro.swift in Sources */ = {isa = PBXBuildFile; fileRef = 4C197A3C224EE249002B1096 /* Macro.swift */; };
		4CABC7ED2265329D00EB5842 /* URL.swift in Sources */ = {isa = PBXBuildFile; fileRef = 4C8010DB224990F800596297 /* URL.swift */; };
		4CF32161222DF6C70034F1D9 /* AppDelegate.swift in Sources */ = {isa = PBXBuildFile; fileRef = 4CF32160222DF6C70034F1D9 /* AppDelegate.swift */; };
		4CF32163222DF6C70034F1D9 /* SignInViewController.swift in Sources */ = {isa = PBXBuildFile; fileRef = 4CF32162222DF6C70034F1D9 /* SignInViewController.swift */; };
		4CF32168222DF6C80034F1D9 /* Assets.xcassets in Resources */ = {isa = PBXBuildFile; fileRef = 4CF32167222DF6C80034F1D9 /* Assets.xcassets */; };
		4CF3216B222DF6C80034F1D9 /* LaunchScreen.storyboard in Resources */ = {isa = PBXBuildFile; fileRef = 4CF32169222DF6C80034F1D9 /* LaunchScreen.storyboard */; };
		A69236889A5D73C71E48EE21 /* Pods_SourceHub.framework in Frameworks */ = {isa = PBXBuildFile; fileRef = 243EFFDE672F24D48FB5B2FD /* Pods_SourceHub.framework */; };
/* End PBXBuildFile section */

/* Begin PBXContainerItemProxy section */
		4CABC7CC2265311000EB5842 /* PBXContainerItemProxy */ = {
			isa = PBXContainerItemProxy;
			containerPortal = 4CF32155222DF6C70034F1D9 /* Project object */;
			proxyType = 1;
			remoteGlobalIDString = 4CABC7C62265311000EB5842;
			remoteInfo = GitHub;
		};
/* End PBXContainerItemProxy section */

/* Begin PBXCopyFilesBuildPhase section */
		4CABC7D32265311000EB5842 /* Embed Frameworks */ = {
			isa = PBXCopyFilesBuildPhase;
			buildActionMask = 2147483647;
			dstPath = "";
			dstSubfolderSpec = 10;
			files = (
				4CABC7CF2265311000EB5842 /* GitHub.framework in Embed Frameworks */,
			);
			name = "Embed Frameworks";
			runOnlyForDeploymentPostprocessing = 0;
		};
/* End PBXCopyFilesBuildPhase section */

/* Begin PBXFileReference section */
		05E12DDC0101867AECD1557C /* Pods-GitHub.debug.xcconfig */ = {isa = PBXFileReference; includeInIndex = 1; lastKnownFileType = text.xcconfig; name = "Pods-GitHub.debug.xcconfig"; path = "Target Support Files/Pods-GitHub/Pods-GitHub.debug.xcconfig"; sourceTree = "<group>"; };
		18A5D2A8224D6E80005A7D8B /* RepoCell.swift */ = {isa = PBXFileReference; lastKnownFileType = sourcecode.swift; path = RepoCell.swift; sourceTree = "<group>"; };
		18CDAD23225BFF7200EBD5DE /* CommitsViewController.swift */ = {isa = PBXFileReference; lastKnownFileType = sourcecode.swift; path = CommitsViewController.swift; sourceTree = "<group>"; };
		18CDAD25225C003800EBD5DE /* Commit.swift */ = {isa = PBXFileReference; lastKnownFileType = sourcecode.swift; path = Commit.swift; sourceTree = "<group>"; };
		18D5487F226B8F1400CBEBC0 /* WebViewController.swift */ = {isa = PBXFileReference; lastKnownFileType = sourcecode.swift; path = WebViewController.swift; sourceTree = "<group>"; };
		18DA5C2E2267E05000B78ABE /* RepositoryViewController.swift */ = {isa = PBXFileReference; fileEncoding = 4; lastKnownFileType = sourcecode.swift; path = RepositoryViewController.swift; sourceTree = "<group>"; };
		18DA5C302267E09C00B78ABE /* Contents.swift */ = {isa = PBXFileReference; fileEncoding = 4; lastKnownFileType = sourcecode.swift; path = Contents.swift; sourceTree = "<group>"; };
		18DA5C322267E0E800B78ABE /* ContentsViewController.swift */ = {isa = PBXFileReference; fileEncoding = 4; lastKnownFileType = sourcecode.swift; name = ContentsViewController.swift; path = SourceHub/Controllers/ContentsViewController.swift; sourceTree = SOURCE_ROOT; };
		1E4A942032895D984A9A7E8C /* Pods_GitHub.framework */ = {isa = PBXFileReference; explicitFileType = wrapper.framework; includeInIndex = 0; path = Pods_GitHub.framework; sourceTree = BUILT_PRODUCTS_DIR; };
		243EFFDE672F24D48FB5B2FD /* Pods_SourceHub.framework */ = {isa = PBXFileReference; explicitFileType = wrapper.framework; includeInIndex = 0; path = Pods_SourceHub.framework; sourceTree = BUILT_PRODUCTS_DIR; };
		4C11CEF4225E8C08000309D8 /* IssuesEvent.swift */ = {isa = PBXFileReference; lastKnownFileType = sourcecode.swift; path = IssuesEvent.swift; sourceTree = "<group>"; };
		4C11CEF6225EA574000309D8 /* DeleteEvent.swift */ = {isa = PBXFileReference; lastKnownFileType = sourcecode.swift; path = DeleteEvent.swift; sourceTree = "<group>"; };
		4C11CEF8225EA690000309D8 /* IssueCommentEvent.swift */ = {isa = PBXFileReference; lastKnownFileType = sourcecode.swift; path = IssueCommentEvent.swift; sourceTree = "<group>"; };
		4C11CEFA225EA72F000309D8 /* Issue.swift */ = {isa = PBXFileReference; lastKnownFileType = sourcecode.swift; path = Issue.swift; sourceTree = "<group>"; };
		4C11CEFC225EAAA1000309D8 /* PullRequestReviewCommentEvent.swift */ = {isa = PBXFileReference; lastKnownFileType = sourcecode.swift; path = PullRequestReviewCommentEvent.swift; sourceTree = "<group>"; };
		4C197A3C224EE249002B1096 /* Macro.swift */ = {isa = PBXFileReference; lastKnownFileType = sourcecode.swift; path = Macro.swift; sourceTree = "<group>"; };
		4C197A3E224EE531002B1096 /* CGSize.swift */ = {isa = PBXFileReference; lastKnownFileType = sourcecode.swift; path = CGSize.swift; sourceTree = "<group>"; };
		4C197A40224EED5C002B1096 /* Podfile */ = {isa = PBXFileReference; fileEncoding = 4; lastKnownFileType = text; path = Podfile; sourceTree = "<group>"; xcLanguageSpecificationIdentifier = xcode.lang.ruby; };
		4C2C6EF4226588110079062C /* AccessRequest.swift */ = {isa = PBXFileReference; lastKnownFileType = sourcecode.swift; path = AccessRequest.swift; sourceTree = "<group>"; };
		4C397EF4225566DD001C801B /* Handler.swift */ = {isa = PBXFileReference; fileEncoding = 4; lastKnownFileType = sourcecode.swift; path = Handler.swift; sourceTree = "<group>"; };
		4C397EF62255710B001C801B /* Colors.swift */ = {isa = PBXFileReference; lastKnownFileType = sourcecode.swift; path = Colors.swift; sourceTree = "<group>"; };
		4C397EF822557412001C801B /* EventTableViewCell.swift */ = {isa = PBXFileReference; lastKnownFileType = sourcecode.swift; path = EventTableViewCell.swift; sourceTree = "<group>"; };
		4C3CD6542257FBB000F1D023 /* RepoTableViewCell.swift */ = {isa = PBXFileReference; fileEncoding = 4; lastKnownFileType = sourcecode.swift; path = RepoTableViewCell.swift; sourceTree = "<group>"; };
		4C3CD659225807B300F1D023 /* ProfileViewController.swift */ = {isa = PBXFileReference; lastKnownFileType = sourcecode.swift; path = ProfileViewController.swift; sourceTree = "<group>"; };
		4C3CD65B225808D200F1D023 /* ReposViewController.swift */ = {isa = PBXFileReference; lastKnownFileType = sourcecode.swift; path = ReposViewController.swift; sourceTree = "<group>"; };
		4C3CD65D22581E8000F1D023 /* ImageDownloader.swift */ = {isa = PBXFileReference; lastKnownFileType = sourcecode.swift; path = ImageDownloader.swift; sourceTree = "<group>"; };
		4C4286C6224C2C8400E00170 /* TabBarController.swift */ = {isa = PBXFileReference; lastKnownFileType = sourcecode.swift; path = TabBarController.swift; sourceTree = "<group>"; };
		4C4286C8224C2E2D00E00170 /* UIViewController.swift */ = {isa = PBXFileReference; fileEncoding = 4; lastKnownFileType = sourcecode.swift; path = UIViewController.swift; sourceTree = "<group>"; };
		4C4286CA224C2FFA00E00170 /* FeedViewController.swift */ = {isa = PBXFileReference; lastKnownFileType = sourcecode.swift; path = FeedViewController.swift; sourceTree = "<group>"; };
		4C4286CC224C304D00E00170 /* OverViewController.swift */ = {isa = PBXFileReference; lastKnownFileType = sourcecode.swift; path = OverViewController.swift; sourceTree = "<group>"; };
		4C4286CE224C31AF00E00170 /* ViewController.swift */ = {isa = PBXFileReference; lastKnownFileType = sourcecode.swift; path = ViewController.swift; sourceTree = "<group>"; };
		4C4FCA762252D208008A6A4D /* Error.swift */ = {isa = PBXFileReference; lastKnownFileType = sourcecode.swift; path = Error.swift; sourceTree = "<group>"; };
		4C5962FA225E54220020649A /* PushEvent.swift */ = {isa = PBXFileReference; lastKnownFileType = sourcecode.swift; path = PushEvent.swift; sourceTree = "<group>"; };
		4C5962FC225E5D300020649A /* CreateEvent.swift */ = {isa = PBXFileReference; lastKnownFileType = sourcecode.swift; path = CreateEvent.swift; sourceTree = "<group>"; };
		4C5962FE225E64570020649A /* GitHubEvent.swift */ = {isa = PBXFileReference; lastKnownFileType = sourcecode.swift; path = GitHubEvent.swift; sourceTree = "<group>"; };
		4C596300225E6ED50020649A /* UITableView.swift */ = {isa = PBXFileReference; fileEncoding = 4; lastKnownFileType = sourcecode.swift; path = UITableView.swift; sourceTree = "<group>"; };
		4C596302225E70DF0020649A /* MemberEvent.swift */ = {isa = PBXFileReference; lastKnownFileType = sourcecode.swift; path = MemberEvent.swift; sourceTree = "<group>"; };
		4C596304225E74590020649A /* PullRequestEvent.swift */ = {isa = PBXFileReference; lastKnownFileType = sourcecode.swift; path = PullRequestEvent.swift; sourceTree = "<group>"; };
		4C596306225E75890020649A /* ForkEvent.swift */ = {isa = PBXFileReference; lastKnownFileType = sourcecode.swift; path = ForkEvent.swift; sourceTree = "<group>"; };
		4C7E7DF0224E81B90095C4A8 /* Event.swift */ = {isa = PBXFileReference; lastKnownFileType = sourcecode.swift; path = Event.swift; sourceTree = "<group>"; };
		4C7E7DF3224E90830095C4A8 /* WatchEvent.swift */ = {isa = PBXFileReference; lastKnownFileType = sourcecode.swift; path = WatchEvent.swift; sourceTree = "<group>"; };
		4C7E7DF5224E9A480095C4A8 /* EventDecoder.swift */ = {isa = PBXFileReference; lastKnownFileType = sourcecode.swift; path = EventDecoder.swift; sourceTree = "<group>"; };
		4C8010D522498AC800596297 /* .gitignore */ = {isa = PBXFileReference; fileEncoding = 4; lastKnownFileType = text; path = .gitignore; sourceTree = "<group>"; };
		4C8010DB224990F800596297 /* URL.swift */ = {isa = PBXFileReference; fileEncoding = 4; lastKnownFileType = sourcecode.swift; path = URL.swift; sourceTree = "<group>"; };
		4C8010DD2249912500596297 /* HTTP.swift */ = {isa = PBXFileReference; lastKnownFileType = sourcecode.swift; path = HTTP.swift; sourceTree = "<group>"; };
		4C8010DF2249934F00596297 /* String.swift */ = {isa = PBXFileReference; lastKnownFileType = sourcecode.swift; path = String.swift; sourceTree = "<group>"; };
		4C83952A2249CE7100A7DFC2 /* Access.swift */ = {isa = PBXFileReference; lastKnownFileType = sourcecode.swift; path = Access.swift; sourceTree = "<group>"; };
		4CABC7C72265311000EB5842 /* GitHub.framework */ = {isa = PBXFileReference; explicitFileType = wrapper.framework; includeInIndex = 0; path = GitHub.framework; sourceTree = BUILT_PRODUCTS_DIR; };
		4CABC7C92265311000EB5842 /* GitHub.h */ = {isa = PBXFileReference; lastKnownFileType = sourcecode.c.h; path = GitHub.h; sourceTree = "<group>"; };
		4CABC7CA2265311000EB5842 /* Info.plist */ = {isa = PBXFileReference; lastKnownFileType = text.plist.xml; path = Info.plist; sourceTree = "<group>"; };
		4CC5A9072260F84700D1ACFB /* PullRequest.swift */ = {isa = PBXFileReference; lastKnownFileType = sourcecode.swift; path = PullRequest.swift; sourceTree = "<group>"; };
		4CF3215D222DF6C70034F1D9 /* SourceHub.app */ = {isa = PBXFileReference; explicitFileType = wrapper.application; includeInIndex = 0; path = SourceHub.app; sourceTree = BUILT_PRODUCTS_DIR; };
		4CF32160222DF6C70034F1D9 /* AppDelegate.swift */ = {isa = PBXFileReference; lastKnownFileType = sourcecode.swift; path = AppDelegate.swift; sourceTree = "<group>"; };
		4CF32162222DF6C70034F1D9 /* SignInViewController.swift */ = {isa = PBXFileReference; lastKnownFileType = sourcecode.swift; path = SignInViewController.swift; sourceTree = "<group>"; };
		4CF32167222DF6C80034F1D9 /* Assets.xcassets */ = {isa = PBXFileReference; lastKnownFileType = folder.assetcatalog; path = Assets.xcassets; sourceTree = "<group>"; };
		4CF3216A222DF6C80034F1D9 /* Base */ = {isa = PBXFileReference; lastKnownFileType = file.storyboard; name = Base; path = Base.lproj/LaunchScreen.storyboard; sourceTree = "<group>"; };
		4CF3216C222DF6C80034F1D9 /* Info.plist */ = {isa = PBXFileReference; lastKnownFileType = text.plist.xml; path = Info.plist; sourceTree = "<group>"; };
		4CFEEBCE224050EA00487DA0 /* Repository.swift */ = {isa = PBXFileReference; lastKnownFileType = sourcecode.swift; path = Repository.swift; sourceTree = "<group>"; };
		4CFEEBD0224050F500487DA0 /* GitHub.swift */ = {isa = PBXFileReference; lastKnownFileType = sourcecode.swift; path = GitHub.swift; sourceTree = "<group>"; };
		4CFEEBD2224051DA00487DA0 /* Owner.swift */ = {isa = PBXFileReference; lastKnownFileType = sourcecode.swift; path = Owner.swift; sourceTree = "<group>"; };
		4CFEEBD42240553000487DA0 /* AuthenticatedUser.swift */ = {isa = PBXFileReference; lastKnownFileType = sourcecode.swift; path = AuthenticatedUser.swift; sourceTree = "<group>"; };
		4CFEEBD62240589F00487DA0 /* README.md */ = {isa = PBXFileReference; fileEncoding = 4; lastKnownFileType = net.daringfireball.markdown; path = README.md; sourceTree = "<group>"; };
		54AA29E77EB268A92FAC8D29 /* Pods-SourceHub.debug.xcconfig */ = {isa = PBXFileReference; includeInIndex = 1; lastKnownFileType = text.xcconfig; name = "Pods-SourceHub.debug.xcconfig"; path = "Target Support Files/Pods-SourceHub/Pods-SourceHub.debug.xcconfig"; sourceTree = "<group>"; };
		C685D5996772CD490176FC2A /* Pods-SourceHub.release.xcconfig */ = {isa = PBXFileReference; includeInIndex = 1; lastKnownFileType = text.xcconfig; name = "Pods-SourceHub.release.xcconfig"; path = "Target Support Files/Pods-SourceHub/Pods-SourceHub.release.xcconfig"; sourceTree = "<group>"; };
		F696199F2EF6DA118ED7ACBF /* Pods-GitHub.release.xcconfig */ = {isa = PBXFileReference; includeInIndex = 1; lastKnownFileType = text.xcconfig; name = "Pods-GitHub.release.xcconfig"; path = "Target Support Files/Pods-GitHub/Pods-GitHub.release.xcconfig"; sourceTree = "<group>"; };
/* End PBXFileReference section */

/* Begin PBXFrameworksBuildPhase section */
		4CABC7C42265311000EB5842 /* Frameworks */ = {
			isa = PBXFrameworksBuildPhase;
			buildActionMask = 2147483647;
			files = (
				16BF059AC878B13B05590426 /* Pods_GitHub.framework in Frameworks */,
			);
			runOnlyForDeploymentPostprocessing = 0;
		};
		4CF3215A222DF6C70034F1D9 /* Frameworks */ = {
			isa = PBXFrameworksBuildPhase;
			buildActionMask = 2147483647;
			files = (
				A69236889A5D73C71E48EE21 /* Pods_SourceHub.framework in Frameworks */,
				4CABC7CE2265311000EB5842 /* GitHub.framework in Frameworks */,
			);
			runOnlyForDeploymentPostprocessing = 0;
		};
/* End PBXFrameworksBuildPhase section */

/* Begin PBXGroup section */
		3831EFEAE707EE41E6186ADB /* Pods */ = {
			isa = PBXGroup;
			children = (
				54AA29E77EB268A92FAC8D29 /* Pods-SourceHub.debug.xcconfig */,
				C685D5996772CD490176FC2A /* Pods-SourceHub.release.xcconfig */,
				05E12DDC0101867AECD1557C /* Pods-GitHub.debug.xcconfig */,
				F696199F2EF6DA118ED7ACBF /* Pods-GitHub.release.xcconfig */,
			);
			path = Pods;
			sourceTree = "<group>";
		};
		4C397EFA22559033001C801B /* Controllers */ = {
			isa = PBXGroup;
			children = (
				4C4286CA224C2FFA00E00170 /* FeedViewController.swift */,
				4C3CD6582258078300F1D023 /* Profile */,
				4CF32162222DF6C70034F1D9 /* SignInViewController.swift */,
				4C4286C6224C2C8400E00170 /* TabBarController.swift */,
				4C4286C8224C2E2D00E00170 /* UIViewController.swift */,
				4C4286CE224C31AF00E00170 /* ViewController.swift */,
			);
			path = Controllers;
			sourceTree = "<group>";
		};
		4C397EFB22559074001C801B /* Extensions */ = {
			isa = PBXGroup;
			children = (
				4C197A3E224EE531002B1096 /* CGSize.swift */,
				4C3CD65D22581E8000F1D023 /* ImageDownloader.swift */,
				4C5962FE225E64570020649A /* GitHubEvent.swift */,
				4C8010DF2249934F00596297 /* String.swift */,
				4C596300225E6ED50020649A /* UITableView.swift */,
				4C8010DB224990F800596297 /* URL.swift */,
			);
			path = Extensions;
			sourceTree = "<group>";
		};
		4C397EFC22559091001C801B /* Views */ = {
			isa = PBXGroup;
			children = (
				4C397EF822557412001C801B /* EventTableViewCell.swift */,
				4C3CD6542257FBB000F1D023 /* RepoTableViewCell.swift */,
			);
			path = Views;
			sourceTree = "<group>";
		};
		4C3CD64F2257FAC700F1D023 /* Recovered References */ = {
			isa = PBXGroup;
			children = (
				18A5D2A8224D6E80005A7D8B /* RepoCell.swift */,
			);
			name = "Recovered References";
			sourceTree = "<group>";
		};
		4C3CD6582258078300F1D023 /* Profile */ = {
			isa = PBXGroup;
			children = (
				18CDAD23225BFF7200EBD5DE /* CommitsViewController.swift */,
				18DA5C322267E0E800B78ABE /* ContentsViewController.swift */,
				4C4286CC224C304D00E00170 /* OverViewController.swift */,
				4C3CD659225807B300F1D023 /* ProfileViewController.swift */,
				18DA5C2E2267E05000B78ABE /* RepositoryViewController.swift */,
				4C3CD65B225808D200F1D023 /* ReposViewController.swift */,
				18D5487F226B8F1400CBEBC0 /* WebViewController.swift */,
			);
			path = Profile;
			sourceTree = "<group>";
		};
		4C7E7DF2224E90720095C4A8 /* Events */ = {
			isa = PBXGroup;
			children = (
				4C7E7DF0224E81B90095C4A8 /* Event.swift */,
				4C7E7DF5224E9A480095C4A8 /* EventDecoder.swift */,
				4C5962FC225E5D300020649A /* CreateEvent.swift */,
				4C11CEF6225EA574000309D8 /* DeleteEvent.swift */,
				4C596306225E75890020649A /* ForkEvent.swift */,
				4C11CEF8225EA690000309D8 /* IssueCommentEvent.swift */,
				4C11CEF4225E8C08000309D8 /* IssuesEvent.swift */,
				4C596302225E70DF0020649A /* MemberEvent.swift */,
				4C596304225E74590020649A /* PullRequestEvent.swift */,
				4C11CEFC225EAAA1000309D8 /* PullRequestReviewCommentEvent.swift */,
				4C5962FA225E54220020649A /* PushEvent.swift */,
				4C7E7DF3224E90830095C4A8 /* WatchEvent.swift */,
			);
			path = Events;
			sourceTree = "<group>";
		};
		4CABC7C82265311000EB5842 /* GitHub */ = {
			isa = PBXGroup;
			children = (
				4CABC7C92265311000EB5842 /* GitHub.h */,
				4CABC7CA2265311000EB5842 /* Info.plist */,
			);
			path = GitHub;
			sourceTree = "<group>";
		};
		4CF32154222DF6C70034F1D9 = {
			isa = PBXGroup;
			children = (
				4C8010D522498AC800596297 /* .gitignore */,
				4C197A40224EED5C002B1096 /* Podfile */,
				4CFEEBD62240589F00487DA0 /* README.md */,
				4CFEEBCD224050D900487DA0 /* GitHub */,
				4CF3215F222DF6C70034F1D9 /* SourceHub */,
				4CABC7C82265311000EB5842 /* GitHub */,
				4CF3215E222DF6C70034F1D9 /* Products */,
				3831EFEAE707EE41E6186ADB /* Pods */,
				4C3CD64F2257FAC700F1D023 /* Recovered References */,
				D5246DA12026AFCAC50BAE9C /* Frameworks */,
			);
			sourceTree = "<group>";
		};
		4CF3215E222DF6C70034F1D9 /* Products */ = {
			isa = PBXGroup;
			children = (
				4CF3215D222DF6C70034F1D9 /* SourceHub.app */,
				4CABC7C72265311000EB5842 /* GitHub.framework */,
			);
			name = Products;
			sourceTree = "<group>";
		};
		4CF3215F222DF6C70034F1D9 /* SourceHub */ = {
			isa = PBXGroup;
			children = (
				4CF32160222DF6C70034F1D9 /* AppDelegate.swift */,
				4C397EF62255710B001C801B /* Colors.swift */,
				4C8010DD2249912500596297 /* HTTP.swift */,
				4C197A3C224EE249002B1096 /* Macro.swift */,
				4C397EFA22559033001C801B /* Controllers */,
				4C397EFB22559074001C801B /* Extensions */,
				4C397EFC22559091001C801B /* Views */,
				4CF32167222DF6C80034F1D9 /* Assets.xcassets */,
				4CF32169222DF6C80034F1D9 /* LaunchScreen.storyboard */,
				4CF3216C222DF6C80034F1D9 /* Info.plist */,
			);
			path = SourceHub;
			sourceTree = "<group>";
		};
		4CFEEBCD224050D900487DA0 /* GitHub */ = {
			isa = PBXGroup;
			children = (
				4CFEEBD0224050F500487DA0 /* GitHub.swift */,
				4C83952A2249CE7100A7DFC2 /* Access.swift */,
				4C2C6EF4226588110079062C /* AccessRequest.swift */,
				4CFEEBD42240553000487DA0 /* AuthenticatedUser.swift */,
				18CDAD25225C003800EBD5DE /* Commit.swift */,
				4C4FCA762252D208008A6A4D /* Error.swift */,
				4C7E7DF2224E90720095C4A8 /* Events */,
				4C397EF4225566DD001C801B /* Handler.swift */,
				4C11CEFA225EA72F000309D8 /* Issue.swift */,
				4CFEEBD2224051DA00487DA0 /* Owner.swift */,
				4CC5A9072260F84700D1ACFB /* PullRequest.swift */,
				4CFEEBCE224050EA00487DA0 /* Repository.swift */,
				18DA5C302267E09C00B78ABE /* Contents.swift */,
			);
			path = GitHub;
			sourceTree = "<group>";
		};
		D5246DA12026AFCAC50BAE9C /* Frameworks */ = {
			isa = PBXGroup;
			children = (
				243EFFDE672F24D48FB5B2FD /* Pods_SourceHub.framework */,
				1E4A942032895D984A9A7E8C /* Pods_GitHub.framework */,
			);
			name = Frameworks;
			sourceTree = "<group>";
		};
/* End PBXGroup section */

/* Begin PBXHeadersBuildPhase section */
		4CABC7C22265311000EB5842 /* Headers */ = {
			isa = PBXHeadersBuildPhase;
			buildActionMask = 2147483647;
			files = (
				4CABC7CB2265311000EB5842 /* GitHub.h in Headers */,
			);
			runOnlyForDeploymentPostprocessing = 0;
		};
/* End PBXHeadersBuildPhase section */

/* Begin PBXNativeTarget section */
		4CABC7C62265311000EB5842 /* GitHub */ = {
			isa = PBXNativeTarget;
			buildConfigurationList = 4CABC7D22265311000EB5842 /* Build configuration list for PBXNativeTarget "GitHub" */;
			buildPhases = (
				E5165B6A39FC7239DB621981 /* [CP] Check Pods Manifest.lock */,
				4CABC7C22265311000EB5842 /* Headers */,
				4CABC7C32265311000EB5842 /* Sources */,
				4CABC7C42265311000EB5842 /* Frameworks */,
				4CABC7C52265311000EB5842 /* Resources */,
			);
			buildRules = (
			);
			dependencies = (
			);
			name = GitHub;
			productName = GitHub;
			productReference = 4CABC7C72265311000EB5842 /* GitHub.framework */;
			productType = "com.apple.product-type.framework";
		};
		4CF3215C222DF6C70034F1D9 /* SourceHub */ = {
			isa = PBXNativeTarget;
			buildConfigurationList = 4CF3216F222DF6C80034F1D9 /* Build configuration list for PBXNativeTarget "SourceHub" */;
			buildPhases = (
				B569E09B67A5980BDBCA10D6 /* [CP] Check Pods Manifest.lock */,
				4CF32159222DF6C70034F1D9 /* Sources */,
				4CF3215A222DF6C70034F1D9 /* Frameworks */,
				4CF3215B222DF6C70034F1D9 /* Resources */,
				99999B2785911064E2A3258F /* [CP] Embed Pods Frameworks */,
				4CABC7D32265311000EB5842 /* Embed Frameworks */,
			);
			buildRules = (
			);
			dependencies = (
				4CABC7CD2265311000EB5842 /* PBXTargetDependency */,
			);
			name = SourceHub;
			productName = SourceHub;
			productReference = 4CF3215D222DF6C70034F1D9 /* SourceHub.app */;
			productType = "com.apple.product-type.application";
		};
/* End PBXNativeTarget section */

/* Begin PBXProject section */
		4CF32155222DF6C70034F1D9 /* Project object */ = {
			isa = PBXProject;
			attributes = {
				LastSwiftUpdateCheck = 1010;
				LastUpgradeCheck = 1010;
				ORGANIZATIONNAME = SourceHub;
				TargetAttributes = {
					4CABC7C62265311000EB5842 = {
						CreatedOnToolsVersion = 10.2;
					};
					4CF3215C222DF6C70034F1D9 = {
						CreatedOnToolsVersion = 10.1;
						LastSwiftMigration = 1020;
					};
				};
			};
			buildConfigurationList = 4CF32158222DF6C70034F1D9 /* Build configuration list for PBXProject "SourceHub" */;
			compatibilityVersion = "Xcode 9.3";
			developmentRegion = en;
			hasScannedForEncodings = 0;
			knownRegions = (
				en,
				Base,
			);
			mainGroup = 4CF32154222DF6C70034F1D9;
			productRefGroup = 4CF3215E222DF6C70034F1D9 /* Products */;
			projectDirPath = "";
			projectRoot = "";
			targets = (
				4CF3215C222DF6C70034F1D9 /* SourceHub */,
				4CABC7C62265311000EB5842 /* GitHub */,
			);
		};
/* End PBXProject section */

/* Begin PBXResourcesBuildPhase section */
		4CABC7C52265311000EB5842 /* Resources */ = {
			isa = PBXResourcesBuildPhase;
			buildActionMask = 2147483647;
			files = (
			);
			runOnlyForDeploymentPostprocessing = 0;
		};
		4CF3215B222DF6C70034F1D9 /* Resources */ = {
			isa = PBXResourcesBuildPhase;
			buildActionMask = 2147483647;
			files = (
				4CF3216B222DF6C80034F1D9 /* LaunchScreen.storyboard in Resources */,
				4CF32168222DF6C80034F1D9 /* Assets.xcassets in Resources */,
			);
			runOnlyForDeploymentPostprocessing = 0;
		};
/* End PBXResourcesBuildPhase section */

/* Begin PBXShellScriptBuildPhase section */
		99999B2785911064E2A3258F /* [CP] Embed Pods Frameworks */ = {
			isa = PBXShellScriptBuildPhase;
			buildActionMask = 2147483647;
			files = (
			);
			inputFileListPaths = (
			);
			inputPaths = (
				"${PODS_ROOT}/Target Support Files/Pods-SourceHub/Pods-SourceHub-frameworks.sh",
				"${BUILT_PRODUCTS_DIR}/Alamofire/Alamofire.framework",
				"${BUILT_PRODUCTS_DIR}/AlamofireImage/AlamofireImage.framework",
				"${BUILT_PRODUCTS_DIR}/ReachabilitySwift/Reachability.framework",
			);
			name = "[CP] Embed Pods Frameworks";
			outputFileListPaths = (
			);
			outputPaths = (
				"${TARGET_BUILD_DIR}/${FRAMEWORKS_FOLDER_PATH}/Alamofire.framework",
				"${TARGET_BUILD_DIR}/${FRAMEWORKS_FOLDER_PATH}/AlamofireImage.framework",
				"${TARGET_BUILD_DIR}/${FRAMEWORKS_FOLDER_PATH}/Reachability.framework",
			);
			runOnlyForDeploymentPostprocessing = 0;
			shellPath = /bin/sh;
			shellScript = "\"${PODS_ROOT}/Target Support Files/Pods-SourceHub/Pods-SourceHub-frameworks.sh\"\n";
			showEnvVarsInLog = 0;
		};
		B569E09B67A5980BDBCA10D6 /* [CP] Check Pods Manifest.lock */ = {
			isa = PBXShellScriptBuildPhase;
			buildActionMask = 2147483647;
			files = (
			);
			inputFileListPaths = (
			);
			inputPaths = (
				"${PODS_PODFILE_DIR_PATH}/Podfile.lock",
				"${PODS_ROOT}/Manifest.lock",
			);
			name = "[CP] Check Pods Manifest.lock";
			outputFileListPaths = (
			);
			outputPaths = (
				"$(DERIVED_FILE_DIR)/Pods-SourceHub-checkManifestLockResult.txt",
			);
			runOnlyForDeploymentPostprocessing = 0;
			shellPath = /bin/sh;
			shellScript = "diff \"${PODS_PODFILE_DIR_PATH}/Podfile.lock\" \"${PODS_ROOT}/Manifest.lock\" > /dev/null\nif [ $? != 0 ] ; then\n    # print error to STDERR\n    echo \"error: The sandbox is not in sync with the Podfile.lock. Run 'pod install' or update your CocoaPods installation.\" >&2\n    exit 1\nfi\n# This output is used by Xcode 'outputs' to avoid re-running this script phase.\necho \"SUCCESS\" > \"${SCRIPT_OUTPUT_FILE_0}\"\n";
			showEnvVarsInLog = 0;
		};
		E5165B6A39FC7239DB621981 /* [CP] Check Pods Manifest.lock */ = {
			isa = PBXShellScriptBuildPhase;
			buildActionMask = 2147483647;
			files = (
			);
			inputFileListPaths = (
			);
			inputPaths = (
				"${PODS_PODFILE_DIR_PATH}/Podfile.lock",
				"${PODS_ROOT}/Manifest.lock",
			);
			name = "[CP] Check Pods Manifest.lock";
			outputFileListPaths = (
			);
			outputPaths = (
				"$(DERIVED_FILE_DIR)/Pods-GitHub-checkManifestLockResult.txt",
			);
			runOnlyForDeploymentPostprocessing = 0;
			shellPath = /bin/sh;
			shellScript = "diff \"${PODS_PODFILE_DIR_PATH}/Podfile.lock\" \"${PODS_ROOT}/Manifest.lock\" > /dev/null\nif [ $? != 0 ] ; then\n    # print error to STDERR\n    echo \"error: The sandbox is not in sync with the Podfile.lock. Run 'pod install' or update your CocoaPods installation.\" >&2\n    exit 1\nfi\n# This output is used by Xcode 'outputs' to avoid re-running this script phase.\necho \"SUCCESS\" > \"${SCRIPT_OUTPUT_FILE_0}\"\n";
			showEnvVarsInLog = 0;
		};
/* End PBXShellScriptBuildPhase section */

/* Begin PBXSourcesBuildPhase section */
		4CABC7C32265311000EB5842 /* Sources */ = {
			isa = PBXSourcesBuildPhase;
			buildActionMask = 2147483647;
			files = (
				4CABC7E22265314200EB5842 /* ForkEvent.swift in Sources */,
				18DA5C312267E09C00B78ABE /* Contents.swift in Sources */,
				4CABC7E62265314200EB5842 /* PullRequestEvent.swift in Sources */,
				4CABC7D82265312D00EB5842 /* Commit.swift in Sources */,
				4CABC7E52265314200EB5842 /* MemberEvent.swift in Sources */,
				4CABC7DF2265314200EB5842 /* EventDecoder.swift in Sources */,
				4CABC7E02265314200EB5842 /* CreateEvent.swift in Sources */,
				4CABC7D52265312D00EB5842 /* GitHub.swift in Sources */,
				4CABC7DC2265313800EB5842 /* PullRequest.swift in Sources */,
				4CABC7E82265314200EB5842 /* PushEvent.swift in Sources */,
				4CABC7E92265314200EB5842 /* WatchEvent.swift in Sources */,
				4CABC7DB2265313800EB5842 /* Owner.swift in Sources */,
				4C2C6EF5226588110079062C /* AccessRequest.swift in Sources */,
				4CABC7DE2265314200EB5842 /* Event.swift in Sources */,
				4CABC7EB2265316B00EB5842 /* HTTP.swift in Sources */,
				4CABC7D72265312D00EB5842 /* AuthenticatedUser.swift in Sources */,
				4CABC7D92265312D00EB5842 /* Error.swift in Sources */,
				4CABC7ED2265329D00EB5842 /* URL.swift in Sources */,
				4CABC7E42265314200EB5842 /* IssuesEvent.swift in Sources */,
				4CABC7EC2265316B00EB5842 /* Macro.swift in Sources */,
				4CABC7D62265312D00EB5842 /* Access.swift in Sources */,
				4CABC7DA2265313800EB5842 /* Issue.swift in Sources */,
				4CABC7E32265314200EB5842 /* IssueCommentEvent.swift in Sources */,
				4CABC7E72265314200EB5842 /* PullRequestReviewCommentEvent.swift in Sources */,
				4CABC7E12265314200EB5842 /* DeleteEvent.swift in Sources */,
				4CABC7EA2265316B00EB5842 /* Handler.swift in Sources */,
				4CABC7DD2265313800EB5842 /* Repository.swift in Sources */,
			);
			runOnlyForDeploymentPostprocessing = 0;
		};
		4CF32159222DF6C70034F1D9 /* Sources */ = {
			isa = PBXSourcesBuildPhase;
			buildActionMask = 2147483647;
			files = (
				18DFCA9622653BBC00CB67DC /* (null) in Sources */,
				18D54880226B8F1400CBEBC0 /* WebViewController.swift in Sources */,
				4C3CD6552257FBB000F1D023 /* RepoTableViewCell.swift in Sources */,
				4C397EF922557412001C801B /* EventTableViewCell.swift in Sources */,
				4C3CD65E22581E8000F1D023 /* ImageDownloader.swift in Sources */,
				4C4286CF224C31AF00E00170 /* ViewController.swift in Sources */,
				4C8010DE2249912500596297 /* HTTP.swift in Sources */,
				18DA5C332267E0E800B78ABE /* ContentsViewController.swift in Sources */,
				4CF32163222DF6C70034F1D9 /* SignInViewController.swift in Sources */,
				4C4286C9224C2E2E00E00170 /* UIViewController.swift in Sources */,
				4C4286C7224C2C8400E00170 /* TabBarController.swift in Sources */,
				18DFCA9422653B5400CB67DC /* (null) in Sources */,
				4C4286CD224C304D00E00170 /* OverViewController.swift in Sources */,
				18DA5C2F2267E05000B78ABE /* RepositoryViewController.swift in Sources */,
				4CF32161222DF6C70034F1D9 /* AppDelegate.swift in Sources */,
				4C8010E02249934F00596297 /* String.swift in Sources */,
				4C3CD65A225807B300F1D023 /* ProfileViewController.swift in Sources */,
				4C596301225E6ED50020649A /* UITableView.swift in Sources */,
				18CDAD24225BFF7200EBD5DE /* CommitsViewController.swift in Sources */,
				4C397EF72255710B001C801B /* Colors.swift in Sources */,
				4C197A3F224EE531002B1096 /* CGSize.swift in Sources */,
				4C3CD65C225808D200F1D023 /* ReposViewController.swift in Sources */,
				4C5962FF225E64570020649A /* GitHubEvent.swift in Sources */,
				4C8010DC224990F800596297 /* URL.swift in Sources */,
				4C4286CB224C2FFA00E00170 /* FeedViewController.swift in Sources */,
				18DFCA9B2265425100CB67DC /* (null) in Sources */,
				4C197A3D224EE249002B1096 /* Macro.swift in Sources */,
			);
			runOnlyForDeploymentPostprocessing = 0;
		};
/* End PBXSourcesBuildPhase section */

/* Begin PBXTargetDependency section */
		4CABC7CD2265311000EB5842 /* PBXTargetDependency */ = {
			isa = PBXTargetDependency;
			target = 4CABC7C62265311000EB5842 /* GitHub */;
			targetProxy = 4CABC7CC2265311000EB5842 /* PBXContainerItemProxy */;
		};
/* End PBXTargetDependency section */

/* Begin PBXVariantGroup section */
		4CF32169222DF6C80034F1D9 /* LaunchScreen.storyboard */ = {
			isa = PBXVariantGroup;
			children = (
				4CF3216A222DF6C80034F1D9 /* Base */,
			);
			name = LaunchScreen.storyboard;
			sourceTree = "<group>";
		};
/* End PBXVariantGroup section */

/* Begin XCBuildConfiguration section */
		4CABC7D02265311000EB5842 /* Debug */ = {
			isa = XCBuildConfiguration;
			baseConfigurationReference = 05E12DDC0101867AECD1557C /* Pods-GitHub.debug.xcconfig */;
			buildSettings = {
				CODE_SIGN_IDENTITY = "";
				CODE_SIGN_STYLE = Automatic;
				CURRENT_PROJECT_VERSION = 1;
				DEFINES_MODULE = YES;
				DEVELOPMENT_TEAM = CHH27M5823;
				DYLIB_COMPATIBILITY_VERSION = 1;
				DYLIB_CURRENT_VERSION = 1;
				DYLIB_INSTALL_NAME_BASE = "@rpath";
				INFOPLIST_FILE = GitHub/Info.plist;
				INSTALL_PATH = "$(LOCAL_LIBRARY_DIR)/Frameworks";
				IPHONEOS_DEPLOYMENT_TARGET = 11.0;
				LD_RUNPATH_SEARCH_PATHS = (
					"$(inherited)",
					"@executable_path/Frameworks",
					"@loader_path/Frameworks",
				);
				PRODUCT_BUNDLE_IDENTIFIER = willtyler.GitHub;
				PRODUCT_NAME = "$(TARGET_NAME:c99extidentifier)";
				SKIP_INSTALL = YES;
				SWIFT_VERSION = 5.0;
				TARGETED_DEVICE_FAMILY = "1,2";
				VERSIONING_SYSTEM = "apple-generic";
				VERSION_INFO_PREFIX = "";
			};
			name = Debug;
		};
		4CABC7D12265311000EB5842 /* Release */ = {
			isa = XCBuildConfiguration;
			baseConfigurationReference = F696199F2EF6DA118ED7ACBF /* Pods-GitHub.release.xcconfig */;
			buildSettings = {
				CODE_SIGN_IDENTITY = "";
				CODE_SIGN_STYLE = Automatic;
				CURRENT_PROJECT_VERSION = 1;
				DEFINES_MODULE = YES;
				DEVELOPMENT_TEAM = CHH27M5823;
				DYLIB_COMPATIBILITY_VERSION = 1;
				DYLIB_CURRENT_VERSION = 1;
				DYLIB_INSTALL_NAME_BASE = "@rpath";
				INFOPLIST_FILE = GitHub/Info.plist;
				INSTALL_PATH = "$(LOCAL_LIBRARY_DIR)/Frameworks";
				IPHONEOS_DEPLOYMENT_TARGET = 11.0;
				LD_RUNPATH_SEARCH_PATHS = (
					"$(inherited)",
					"@executable_path/Frameworks",
					"@loader_path/Frameworks",
				);
				PRODUCT_BUNDLE_IDENTIFIER = willtyler.GitHub;
				PRODUCT_NAME = "$(TARGET_NAME:c99extidentifier)";
				SKIP_INSTALL = YES;
				SWIFT_VERSION = 5.0;
				TARGETED_DEVICE_FAMILY = "1,2";
				VERSIONING_SYSTEM = "apple-generic";
				VERSION_INFO_PREFIX = "";
			};
			name = Release;
		};
		4CF3216D222DF6C80034F1D9 /* Debug */ = {
			isa = XCBuildConfiguration;
			buildSettings = {
				ALWAYS_SEARCH_USER_PATHS = NO;
				CLANG_ANALYZER_NONNULL = YES;
				CLANG_ANALYZER_NUMBER_OBJECT_CONVERSION = YES_AGGRESSIVE;
				CLANG_CXX_LANGUAGE_STANDARD = "gnu++14";
				CLANG_CXX_LIBRARY = "libc++";
				CLANG_ENABLE_MODULES = YES;
				CLANG_ENABLE_OBJC_ARC = YES;
				CLANG_ENABLE_OBJC_WEAK = YES;
				CLANG_WARN_BLOCK_CAPTURE_AUTORELEASING = YES;
				CLANG_WARN_BOOL_CONVERSION = YES;
				CLANG_WARN_COMMA = YES;
				CLANG_WARN_CONSTANT_CONVERSION = YES;
				CLANG_WARN_DEPRECATED_OBJC_IMPLEMENTATIONS = YES;
				CLANG_WARN_DIRECT_OBJC_ISA_USAGE = YES_ERROR;
				CLANG_WARN_DOCUMENTATION_COMMENTS = YES;
				CLANG_WARN_EMPTY_BODY = YES;
				CLANG_WARN_ENUM_CONVERSION = YES;
				CLANG_WARN_INFINITE_RECURSION = YES;
				CLANG_WARN_INT_CONVERSION = YES;
				CLANG_WARN_NON_LITERAL_NULL_CONVERSION = YES;
				CLANG_WARN_OBJC_IMPLICIT_RETAIN_SELF = YES;
				CLANG_WARN_OBJC_LITERAL_CONVERSION = YES;
				CLANG_WARN_OBJC_ROOT_CLASS = YES_ERROR;
				CLANG_WARN_RANGE_LOOP_ANALYSIS = YES;
				CLANG_WARN_STRICT_PROTOTYPES = YES;
				CLANG_WARN_SUSPICIOUS_MOVE = YES;
				CLANG_WARN_UNGUARDED_AVAILABILITY = YES_AGGRESSIVE;
				CLANG_WARN_UNREACHABLE_CODE = YES;
				CLANG_WARN__DUPLICATE_METHOD_MATCH = YES;
				CODE_SIGN_IDENTITY = "iPhone Developer";
				COPY_PHASE_STRIP = NO;
				DEBUG_INFORMATION_FORMAT = dwarf;
				ENABLE_STRICT_OBJC_MSGSEND = YES;
				ENABLE_TESTABILITY = YES;
				GCC_C_LANGUAGE_STANDARD = gnu11;
				GCC_DYNAMIC_NO_PIC = NO;
				GCC_NO_COMMON_BLOCKS = YES;
				GCC_OPTIMIZATION_LEVEL = 0;
				GCC_PREPROCESSOR_DEFINITIONS = (
					"DEBUG=1",
					"$(inherited)",
				);
				GCC_WARN_64_TO_32_BIT_CONVERSION = YES;
				GCC_WARN_ABOUT_RETURN_TYPE = YES_ERROR;
				GCC_WARN_UNDECLARED_SELECTOR = YES;
				GCC_WARN_UNINITIALIZED_AUTOS = YES_AGGRESSIVE;
				GCC_WARN_UNUSED_FUNCTION = YES;
				GCC_WARN_UNUSED_VARIABLE = YES;
				IPHONEOS_DEPLOYMENT_TARGET = 11.0;
				MTL_ENABLE_DEBUG_INFO = INCLUDE_SOURCE;
				MTL_FAST_MATH = YES;
				ONLY_ACTIVE_ARCH = YES;
				SDKROOT = iphoneos;
				SWIFT_ACTIVE_COMPILATION_CONDITIONS = DEBUG;
				SWIFT_OPTIMIZATION_LEVEL = "-Onone";
			};
			name = Debug;
		};
		4CF3216E222DF6C80034F1D9 /* Release */ = {
			isa = XCBuildConfiguration;
			buildSettings = {
				ALWAYS_SEARCH_USER_PATHS = NO;
				CLANG_ANALYZER_NONNULL = YES;
				CLANG_ANALYZER_NUMBER_OBJECT_CONVERSION = YES_AGGRESSIVE;
				CLANG_CXX_LANGUAGE_STANDARD = "gnu++14";
				CLANG_CXX_LIBRARY = "libc++";
				CLANG_ENABLE_MODULES = YES;
				CLANG_ENABLE_OBJC_ARC = YES;
				CLANG_ENABLE_OBJC_WEAK = YES;
				CLANG_WARN_BLOCK_CAPTURE_AUTORELEASING = YES;
				CLANG_WARN_BOOL_CONVERSION = YES;
				CLANG_WARN_COMMA = YES;
				CLANG_WARN_CONSTANT_CONVERSION = YES;
				CLANG_WARN_DEPRECATED_OBJC_IMPLEMENTATIONS = YES;
				CLANG_WARN_DIRECT_OBJC_ISA_USAGE = YES_ERROR;
				CLANG_WARN_DOCUMENTATION_COMMENTS = YES;
				CLANG_WARN_EMPTY_BODY = YES;
				CLANG_WARN_ENUM_CONVERSION = YES;
				CLANG_WARN_INFINITE_RECURSION = YES;
				CLANG_WARN_INT_CONVERSION = YES;
				CLANG_WARN_NON_LITERAL_NULL_CONVERSION = YES;
				CLANG_WARN_OBJC_IMPLICIT_RETAIN_SELF = YES;
				CLANG_WARN_OBJC_LITERAL_CONVERSION = YES;
				CLANG_WARN_OBJC_ROOT_CLASS = YES_ERROR;
				CLANG_WARN_RANGE_LOOP_ANALYSIS = YES;
				CLANG_WARN_STRICT_PROTOTYPES = YES;
				CLANG_WARN_SUSPICIOUS_MOVE = YES;
				CLANG_WARN_UNGUARDED_AVAILABILITY = YES_AGGRESSIVE;
				CLANG_WARN_UNREACHABLE_CODE = YES;
				CLANG_WARN__DUPLICATE_METHOD_MATCH = YES;
				CODE_SIGN_IDENTITY = "iPhone Developer";
				COPY_PHASE_STRIP = NO;
				DEBUG_INFORMATION_FORMAT = "dwarf-with-dsym";
				ENABLE_NS_ASSERTIONS = NO;
				ENABLE_STRICT_OBJC_MSGSEND = YES;
				GCC_C_LANGUAGE_STANDARD = gnu11;
				GCC_NO_COMMON_BLOCKS = YES;
				GCC_WARN_64_TO_32_BIT_CONVERSION = YES;
				GCC_WARN_ABOUT_RETURN_TYPE = YES_ERROR;
				GCC_WARN_UNDECLARED_SELECTOR = YES;
				GCC_WARN_UNINITIALIZED_AUTOS = YES_AGGRESSIVE;
				GCC_WARN_UNUSED_FUNCTION = YES;
				GCC_WARN_UNUSED_VARIABLE = YES;
				IPHONEOS_DEPLOYMENT_TARGET = 11.0;
				MTL_ENABLE_DEBUG_INFO = NO;
				MTL_FAST_MATH = YES;
				SDKROOT = iphoneos;
				SWIFT_COMPILATION_MODE = wholemodule;
				SWIFT_OPTIMIZATION_LEVEL = "-O";
				VALIDATE_PRODUCT = YES;
			};
			name = Release;
		};
		4CF32170222DF6C80034F1D9 /* Debug */ = {
			isa = XCBuildConfiguration;
			baseConfigurationReference = 54AA29E77EB268A92FAC8D29 /* Pods-SourceHub.debug.xcconfig */;
			buildSettings = {
				ALWAYS_EMBED_SWIFT_STANDARD_LIBRARIES = "$(inherited)";
				ASSETCATALOG_COMPILER_APPICON_NAME = AppIcon;
				CODE_SIGN_STYLE = Automatic;
				DEVELOPMENT_TEAM = CHH27M5823;
				INFOPLIST_FILE = SourceHub/Info.plist;
				LD_RUNPATH_SEARCH_PATHS = (
					"$(inherited)",
					"@executable_path/Frameworks",
				);
				PRODUCT_BUNDLE_IDENTIFIER = com.sourcehub.SourceHub;
				PRODUCT_NAME = "$(TARGET_NAME)";
				SWIFT_VERSION = 5.0;
				TARGETED_DEVICE_FAMILY = "1,2";
			};
			name = Debug;
		};
		4CF32171222DF6C80034F1D9 /* Release */ = {
			isa = XCBuildConfiguration;
			baseConfigurationReference = C685D5996772CD490176FC2A /* Pods-SourceHub.release.xcconfig */;
			buildSettings = {
				ALWAYS_EMBED_SWIFT_STANDARD_LIBRARIES = "$(inherited)";
				ASSETCATALOG_COMPILER_APPICON_NAME = AppIcon;
				CODE_SIGN_STYLE = Automatic;
				DEVELOPMENT_TEAM = CHH27M5823;
				INFOPLIST_FILE = SourceHub/Info.plist;
				LD_RUNPATH_SEARCH_PATHS = (
					"$(inherited)",
					"@executable_path/Frameworks",
				);
				PRODUCT_BUNDLE_IDENTIFIER = com.sourcehub.SourceHub;
				PRODUCT_NAME = "$(TARGET_NAME)";
				SWIFT_VERSION = 5.0;
				TARGETED_DEVICE_FAMILY = "1,2";
			};
			name = Release;
		};
/* End XCBuildConfiguration section */

/* Begin XCConfigurationList section */
		4CABC7D22265311000EB5842 /* Build configuration list for PBXNativeTarget "GitHub" */ = {
			isa = XCConfigurationList;
			buildConfigurations = (
				4CABC7D02265311000EB5842 /* Debug */,
				4CABC7D12265311000EB5842 /* Release */,
			);
			defaultConfigurationIsVisible = 0;
			defaultConfigurationName = Release;
		};
		4CF32158222DF6C70034F1D9 /* Build configuration list for PBXProject "SourceHub" */ = {
			isa = XCConfigurationList;
			buildConfigurations = (
				4CF3216D222DF6C80034F1D9 /* Debug */,
				4CF3216E222DF6C80034F1D9 /* Release */,
			);
			defaultConfigurationIsVisible = 0;
			defaultConfigurationName = Release;
		};
		4CF3216F222DF6C80034F1D9 /* Build configuration list for PBXNativeTarget "SourceHub" */ = {
			isa = XCConfigurationList;
			buildConfigurations = (
				4CF32170222DF6C80034F1D9 /* Debug */,
				4CF32171222DF6C80034F1D9 /* Release */,
			);
			defaultConfigurationIsVisible = 0;
			defaultConfigurationName = Release;
		};
/* End XCConfigurationList section */
	};
	rootObject = 4CF32155222DF6C70034F1D9 /* Project object */;
}
